// !$*UTF8*$!
{
	archiveVersion = 1;
	classes = {
	};
	objectVersion = 46;
	objects = {

/* Begin PBXBuildFile section */
		0703C7321C4DFA8500C7D8ED /* blank_calendar.png in Resources */ = {isa = PBXBuildFile; fileRef = 0703C7311C4DFA8500C7D8ED /* blank_calendar.png */; };
		070861B11C0DC67200D6D646 /* Alamofire.framework in Embed Frameworks */ = {isa = PBXBuildFile; fileRef = 271BDF541C0D53710075A29E /* Alamofire.framework */; settings = {ATTRIBUTES = (CodeSignOnCopy, RemoveHeadersOnCopy, ); }; };
		072519A81BE9694000F38F81 /* AppDelegate.swift in Sources */ = {isa = PBXBuildFile; fileRef = 072519A71BE9694000F38F81 /* AppDelegate.swift */; };
		072519AD1BE9694000F38F81 /* Main.storyboard in Resources */ = {isa = PBXBuildFile; fileRef = 072519AB1BE9694000F38F81 /* Main.storyboard */; };
		072519AF1BE9694000F38F81 /* Assets.xcassets in Resources */ = {isa = PBXBuildFile; fileRef = 072519AE1BE9694000F38F81 /* Assets.xcassets */; };
		072519B21BE9694000F38F81 /* LaunchScreen.storyboard in Resources */ = {isa = PBXBuildFile; fileRef = 072519B01BE9694000F38F81 /* LaunchScreen.storyboard */; };
		0725A04E1C865269006E8E0C /* AvailNumSeatCell.swift in Sources */ = {isa = PBXBuildFile; fileRef = 0725A04D1C865269006E8E0C /* AvailNumSeatCell.swift */; };
		0725A05F1C867529006E8E0C /* DriveTypeCell.swift in Sources */ = {isa = PBXBuildFile; fileRef = 0725A05E1C867529006E8E0C /* DriveTypeCell.swift */; };
		0725A0611C8679C7006E8E0C /* EnterLocationPlaceCell.swift in Sources */ = {isa = PBXBuildFile; fileRef = 0725A0601C8679C7006E8E0C /* EnterLocationPlaceCell.swift */; };
		0727F9A51C5AD13000066948 /* DriverQuestionnaireVC.swift in Sources */ = {isa = PBXBuildFile; fileRef = 0727F9A41C5AD13000066948 /* DriverQuestionnaireVC.swift */; };
		07340BB21C5B3606002C6015 /* PassengerQuestionnaireVC.swift in Sources */ = {isa = PBXBuildFile; fileRef = 07340BB11C5B3606002C6015 /* PassengerQuestionnaireVC.swift */; };
		07340BBA1C5B36B5002C6015 /* info.png in Resources */ = {isa = PBXBuildFile; fileRef = 07340BB91C5B36B5002C6015 /* info.png */; };
		078739881C86178E00D09C14 /* NameFieldCell.swift in Sources */ = {isa = PBXBuildFile; fileRef = 078739871C86178E00D09C14 /* NameFieldCell.swift */; };
		078739901C86179D00D09C14 /* PhoneNumCell.swift in Sources */ = {isa = PBXBuildFile; fileRef = 0787398F1C86179D00D09C14 /* PhoneNumCell.swift */; };
		078739921C8617D000D09C14 /* ScrollPickerCell.swift in Sources */ = {isa = PBXBuildFile; fileRef = 078739911C8617D000D09C14 /* ScrollPickerCell.swift */; };
		078739941C8628CA00D09C14 /* StartTimePickerCell.swift in Sources */ = {isa = PBXBuildFile; fileRef = 078739931C8628CA00D09C14 /* StartTimePickerCell.swift */; };
		07AF13CB1C748ACA004C28FA /* ToolsTableViewController.swift in Sources */ = {isa = PBXBuildFile; fileRef = 07AF13CA1C748ACA004C28FA /* ToolsTableViewController.swift */; };
		07AF13D31C749288004C28FA /* ToolTableViewCell.swift in Sources */ = {isa = PBXBuildFile; fileRef = 07AF13D21C749288004C28FA /* ToolTableViewCell.swift */; };
		07C196331C0E6AD400375B8D /* ArticlesTableViewController.swift in Sources */ = {isa = PBXBuildFile; fileRef = 07C196321C0E6AD400375B8D /* ArticlesTableViewController.swift */; };
		07C196351C0E6D9F00375B8D /* ArticleTableViewCell.swift in Sources */ = {isa = PBXBuildFile; fileRef = 07C196341C0E6D9F00375B8D /* ArticleTableViewCell.swift */; };
		07C196371C0E863000375B8D /* VideoTableViewCell.swift in Sources */ = {isa = PBXBuildFile; fileRef = 07C196361C0E863000375B8D /* VideoTableViewCell.swift */; };
		07DA041C1C88C8D3005A0ACB /* VideoIcon.png in Resources */ = {isa = PBXBuildFile; fileRef = 07DA041B1C88C8D3005A0ACB /* VideoIcon.png */; };
		07DA04241C88CA8D005A0ACB /* ArticlesIcon.png in Resources */ = {isa = PBXBuildFile; fileRef = 07DA04231C88CA8D005A0ACB /* ArticlesIcon.png */; };
		07DA04261C88CBC7005A0ACB /* ToolsIcon.png in Resources */ = {isa = PBXBuildFile; fileRef = 07DA04251C88CBC7005A0ACB /* ToolsIcon.png */; };
		07ED81711C0D7ECC007FFB53 /* ResourcesViewController.swift in Sources */ = {isa = PBXBuildFile; fileRef = 07ED81701C0D7ECC007FFB53 /* ResourcesViewController.swift */; };
		07F802C51C76930B00A7A4BC /* rideShareIcon.png in Resources */ = {isa = PBXBuildFile; fileRef = 07F802C11C76930B00A7A4BC /* rideShareIcon.png */; };
		1E37E7261C0E362D0054607A /* Event.swift in Sources */ = {isa = PBXBuildFile; fileRef = 1E37E71E1C0E362D0054607A /* Event.swift */; };
		1E37E7291C0E362D0054607A /* EventsViewController.swift in Sources */ = {isa = PBXBuildFile; fileRef = 1E37E7211C0E362D0054607A /* EventsViewController.swift */; };
		1E37E72A1C0E362D0054607A /* VideosTableViewController.swift in Sources */ = {isa = PBXBuildFile; fileRef = 1E37E7221C0E362D0054607A /* VideosTableViewController.swift */; };
		1EB4053F1C63E87200220D5B /* GTL.framework in Frameworks */ = {isa = PBXBuildFile; fileRef = 1EB4053E1C63E87200220D5B /* GTL.framework */; };
		1EB405421C63E88A00220D5B /* GTLCalendar_Sources.m in Sources */ = {isa = PBXBuildFile; fileRef = 1EB405401C63E88A00220D5B /* GTLCalendar_Sources.m */; };
		1EB405441C63E89900220D5B /* GTMOAuth2ViewTouch.xib in Resources */ = {isa = PBXBuildFile; fileRef = 1EB405431C63E89900220D5B /* GTMOAuth2ViewTouch.xib */; };
		271BDF631C0D538A0075A29E /* Alamofire.framework in Frameworks */ = {isa = PBXBuildFile; fileRef = 271BDF541C0D53710075A29E /* Alamofire.framework */; };
		271C78161C5040EA00F42EA0 /* Initial.storyboard in Resources */ = {isa = PBXBuildFile; fileRef = 271C78151C5040EA00F42EA0 /* Initial.storyboard */; };
		271C78211C50434000F42EA0 /* InitialCampusTableViewController.swift in Sources */ = {isa = PBXBuildFile; fileRef = 271C78201C50434000F42EA0 /* InitialCampusTableViewController.swift */; };
		271C78231C5044B100F42EA0 /* InitialCampusTableViewCell.swift in Sources */ = {isa = PBXBuildFile; fileRef = 271C78221C5044B100F42EA0 /* InitialCampusTableViewCell.swift */; };
		277E67561BEB6362001C29DD /* CruAppTests.swift in Sources */ = {isa = PBXBuildFile; fileRef = 277E67551BEB6362001C29DD /* CruAppTests.swift */; };
		278C4C371C86640100EB0AC1 /* FreigSanProBlk.otf in Resources */ = {isa = PBXBuildFile; fileRef = 278C4C2A1C86640100EB0AC1 /* FreigSanProBlk.otf */; };
		278C4C381C86640100EB0AC1 /* FreigSanProBlkIt.otf in Resources */ = {isa = PBXBuildFile; fileRef = 278C4C2B1C86640100EB0AC1 /* FreigSanProBlkIt.otf */; };
		278C4C391C86640100EB0AC1 /* FreigSanProBold.otf in Resources */ = {isa = PBXBuildFile; fileRef = 278C4C2C1C86640100EB0AC1 /* FreigSanProBold.otf */; };
		278C4C3A1C86640100EB0AC1 /* FreigSanProBoldIt.otf in Resources */ = {isa = PBXBuildFile; fileRef = 278C4C2D1C86640100EB0AC1 /* FreigSanProBoldIt.otf */; };
		278C4C3B1C86640100EB0AC1 /* FreigSanProBook.otf in Resources */ = {isa = PBXBuildFile; fileRef = 278C4C2E1C86640100EB0AC1 /* FreigSanProBook.otf */; };
		278C4C3C1C86640100EB0AC1 /* FreigSanProBookIt.otf in Resources */ = {isa = PBXBuildFile; fileRef = 278C4C2F1C86640100EB0AC1 /* FreigSanProBookIt.otf */; };
		278C4C3D1C86640100EB0AC1 /* FreigSanProLig.otf in Resources */ = {isa = PBXBuildFile; fileRef = 278C4C301C86640100EB0AC1 /* FreigSanProLig.otf */; };
		278C4C3E1C86640100EB0AC1 /* FreigSanProLigIt.otf in Resources */ = {isa = PBXBuildFile; fileRef = 278C4C311C86640100EB0AC1 /* FreigSanProLigIt.otf */; };
		278C4C3F1C86640100EB0AC1 /* FreigSanProMed.otf in Resources */ = {isa = PBXBuildFile; fileRef = 278C4C321C86640100EB0AC1 /* FreigSanProMed.otf */; };
		278C4C401C86640100EB0AC1 /* FreigSanProMedIt.otf in Resources */ = {isa = PBXBuildFile; fileRef = 278C4C331C86640100EB0AC1 /* FreigSanProMedIt.otf */; };
		278C4C411C86640100EB0AC1 /* FreigSanProSem.otf in Resources */ = {isa = PBXBuildFile; fileRef = 278C4C341C86640100EB0AC1 /* FreigSanProSem.otf */; };
		278C4C421C86640100EB0AC1 /* FreigSanProSemIt.otf in Resources */ = {isa = PBXBuildFile; fileRef = 278C4C351C86640100EB0AC1 /* FreigSanProSemIt.otf */; };
		278C4C431C86640100EB0AC1 /* GF End User License.rtf in Resources */ = {isa = PBXBuildFile; fileRef = 278C4C361C86640100EB0AC1 /* GF End User License.rtf */; };
		278C4C4A1C86646C00EB0AC1 /* FreigSanProBlk.otf in Resources */ = {isa = PBXBuildFile; fileRef = 278C4C2A1C86640100EB0AC1 /* FreigSanProBlk.otf */; };
		278C4C4B1C86646C00EB0AC1 /* FreigSanProBlkIt.otf in Resources */ = {isa = PBXBuildFile; fileRef = 278C4C2B1C86640100EB0AC1 /* FreigSanProBlkIt.otf */; };
		278C4C4C1C86646C00EB0AC1 /* FreigSanProBold.otf in Resources */ = {isa = PBXBuildFile; fileRef = 278C4C2C1C86640100EB0AC1 /* FreigSanProBold.otf */; };
		278C4C4D1C86646C00EB0AC1 /* FreigSanProBoldIt.otf in Resources */ = {isa = PBXBuildFile; fileRef = 278C4C2D1C86640100EB0AC1 /* FreigSanProBoldIt.otf */; };
		278C4C4E1C86646C00EB0AC1 /* FreigSanProBook.otf in Resources */ = {isa = PBXBuildFile; fileRef = 278C4C2E1C86640100EB0AC1 /* FreigSanProBook.otf */; };
		278C4C4F1C86646C00EB0AC1 /* FreigSanProBookIt.otf in Resources */ = {isa = PBXBuildFile; fileRef = 278C4C2F1C86640100EB0AC1 /* FreigSanProBookIt.otf */; };
		278C4C501C86646C00EB0AC1 /* FreigSanProLig.otf in Resources */ = {isa = PBXBuildFile; fileRef = 278C4C301C86640100EB0AC1 /* FreigSanProLig.otf */; };
		278C4C511C86646C00EB0AC1 /* FreigSanProLigIt.otf in Resources */ = {isa = PBXBuildFile; fileRef = 278C4C311C86640100EB0AC1 /* FreigSanProLigIt.otf */; };
		278C4C521C86646C00EB0AC1 /* FreigSanProMed.otf in Resources */ = {isa = PBXBuildFile; fileRef = 278C4C321C86640100EB0AC1 /* FreigSanProMed.otf */; };
		278C4C531C86646C00EB0AC1 /* FreigSanProMedIt.otf in Resources */ = {isa = PBXBuildFile; fileRef = 278C4C331C86640100EB0AC1 /* FreigSanProMedIt.otf */; };
		278C4C541C86646C00EB0AC1 /* FreigSanProSem.otf in Resources */ = {isa = PBXBuildFile; fileRef = 278C4C341C86640100EB0AC1 /* FreigSanProSem.otf */; };
		278C4C551C86646C00EB0AC1 /* FreigSanProSemIt.otf in Resources */ = {isa = PBXBuildFile; fileRef = 278C4C351C86640100EB0AC1 /* FreigSanProSemIt.otf */; };
		278C4C621C87A2B100EB0AC1 /* JoinMinistryTeamTVC.swift in Sources */ = {isa = PBXBuildFile; fileRef = 278C4C611C87A2B100EB0AC1 /* JoinMinistryTeamTVC.swift */; };
		278C4C641C87A40A00EB0AC1 /* MinistryTeamData.swift in Sources */ = {isa = PBXBuildFile; fileRef = 278C4C631C87A40A00EB0AC1 /* MinistryTeamData.swift */; };
		278C4C661C87AB9A00EB0AC1 /* MinistryTeamTableViewCell.swift in Sources */ = {isa = PBXBuildFile; fileRef = 278C4C651C87AB9A00EB0AC1 /* MinistryTeamTableViewCell.swift */; };
		278C4C731C87E6FF00EB0AC1 /* MyButton.swift in Sources */ = {isa = PBXBuildFile; fileRef = 278C4C721C87E6FF00EB0AC1 /* MyButton.swift */; };
		279326FC1C509C2100BAC73D /* PopUpViewController.xib in Resources */ = {isa = PBXBuildFile; fileRef = 279326EE1C509C2100BAC73D /* PopUpViewController.xib */; };
		279326FD1C509C2100BAC73D /* PopUpViewController_iPad.xib in Resources */ = {isa = PBXBuildFile; fileRef = 279326EF1C509C2100BAC73D /* PopUpViewController_iPad.xib */; };
		279326FF1C509C2100BAC73D /* PopUpViewController_iPhone6Plus.xib in Resources */ = {isa = PBXBuildFile; fileRef = 279326F11C509C2100BAC73D /* PopUpViewController_iPhone6Plus.xib */; };
		279327001C509C2100BAC73D /* PopUpViewControllerSwift.swift in Sources */ = {isa = PBXBuildFile; fileRef = 279326F21C509C2100BAC73D /* PopUpViewControllerSwift.swift */; };
		279327011C509C2100BAC73D /* Info.plist in Resources */ = {isa = PBXBuildFile; fileRef = 279326F41C509C2100BAC73D /* Info.plist */; };
		279327051C50A0EC00BAC73D /* InitialMinistryTableViewController.swift in Sources */ = {isa = PBXBuildFile; fileRef = 279327041C50A0EC00BAC73D /* InitialMinistryTableViewController.swift */; };
		279327071C50A10500BAC73D /* InitialMinistryTableViewCell.swift in Sources */ = {isa = PBXBuildFile; fileRef = 279327061C50A10500BAC73D /* InitialMinistryTableViewCell.swift */; };
		27A8DFB71C87F0C100A8F080 /* PopUpViewController_iPhone6.xib in Resources */ = {isa = PBXBuildFile; fileRef = 27A8DFB61C87F0C100A8F080 /* PopUpViewController_iPhone6.xib */; };
		27CA34451C8D3A8500C694A6 /* calendar_icon.png in Resources */ = {isa = PBXBuildFile; fileRef = 27CA34431C8D3A8500C694A6 /* calendar_icon.png */; };
		27CA34461C8D3A8500C694A6 /* google_icon.png in Resources */ = {isa = PBXBuildFile; fileRef = 27CA34441C8D3A8500C694A6 /* google_icon.png */; };
		27CA344E1C8D3AC000C694A6 /* fb_logo.png in Resources */ = {isa = PBXBuildFile; fileRef = 27CA344D1C8D3AC000C694A6 /* fb_logo.png */; };
		27CA34501C8D3C0200C694A6 /* fb_icon.png in Resources */ = {isa = PBXBuildFile; fileRef = 27CA344F1C8D3C0200C694A6 /* fb_icon.png */; };
		27CA34521C8D3EF400C694A6 /* calendar_icon.png in Resources */ = {isa = PBXBuildFile; fileRef = 27CA34511C8D3EF400C694A6 /* calendar_icon.png */; };
		83244B6E1C7579BA00D913A6 /* CampusData.swift in Sources */ = {isa = PBXBuildFile; fileRef = 83244B6D1C7579BA00D913A6 /* CampusData.swift */; };
		83244B761C7579F000D913A6 /* MinistryData.swift in Sources */ = {isa = PBXBuildFile; fileRef = 83244B751C7579F000D913A6 /* MinistryData.swift */; };
		83244B801C75AD9400D913A6 /* SidebarTableViewController.swift in Sources */ = {isa = PBXBuildFile; fileRef = 83244B7F1C75AD9400D913A6 /* SidebarTableViewController.swift */; };
		832FDCCA1C8549FB00836B7C /* MainInvolvedTVC.swift in Sources */ = {isa = PBXBuildFile; fileRef = 832FDCC91C8549FB00836B7C /* MainInvolvedTVC.swift */; };
		832FDCCC1C854B1600836B7C /* InvolvedGroupsTVC.swift in Sources */ = {isa = PBXBuildFile; fileRef = 832FDCCB1C854B1600836B7C /* InvolvedGroupsTVC.swift */; };
		832FDCD01C854C0900836B7C /* MinistryTeamDetailVC.swift in Sources */ = {isa = PBXBuildFile; fileRef = 832FDCCF1C854C0900836B7C /* MinistryTeamDetailVC.swift */; };
		832FDCD21C854CBA00836B7C /* MinistryTeamSignUpVC.swift in Sources */ = {isa = PBXBuildFile; fileRef = 832FDCD11C854CBA00836B7C /* MinistryTeamSignUpVC.swift */; };
		832FDCD41C854CE600836B7C /* MinistryTeamSuccessVC.swift in Sources */ = {isa = PBXBuildFile; fileRef = 832FDCD31C854CE600836B7C /* MinistryTeamSuccessVC.swift */; };
		832FDCD61C854D2E00836B7C /* CGQuestionnaireVC.swift in Sources */ = {isa = PBXBuildFile; fileRef = 832FDCD51C854D2E00836B7C /* CGQuestionnaireVC.swift */; };
		832FDCD81C854D8100836B7C /* CGSuccessVC.swift in Sources */ = {isa = PBXBuildFile; fileRef = 832FDCD71C854D8100836B7C /* CGSuccessVC.swift */; };
		832FDCEB1C881EC100836B7C /* MinistryTeamCoreData.swift in Sources */ = {isa = PBXBuildFile; fileRef = 832FDCE81C881EC100836B7C /* MinistryTeamCoreData.swift */; };
		832FDCF61C881F4600836B7C /* CommunityGroupCoreData.swift in Sources */ = {isa = PBXBuildFile; fileRef = 832FDCF41C881F4600836B7C /* CommunityGroupCoreData.swift */; };
		832FDCF91C88224500836B7C /* CommunityGroupData.swift in Sources */ = {isa = PBXBuildFile; fileRef = 832FDCF81C88224500836B7C /* CommunityGroupData.swift */; };
		832FDCFC1C8832BF00836B7C /* JoinCommunityGroupTVC.swift in Sources */ = {isa = PBXBuildFile; fileRef = 832FDCFB1C8832BF00836B7C /* JoinCommunityGroupTVC.swift */; };
		832FDD051C88D09200836B7C /* CommunityGroupCell.swift in Sources */ = {isa = PBXBuildFile; fileRef = 832FDD041C88D09100836B7C /* CommunityGroupCell.swift */; };
		83688B771C7F71E300470442 /* InitalScreenVC.swift in Sources */ = {isa = PBXBuildFile; fileRef = 83688B761C7F71E300470442 /* InitalScreenVC.swift */; };
		838564F51C0D9EDF00EB1728 /* SWRevealViewController.m in Sources */ = {isa = PBXBuildFile; fileRef = 838564F41C0D9EDF00EB1728 /* SWRevealViewController.m */; };
		839F64411C0D4E4300CAEC9E /* Cru-Logo.png in Resources */ = {isa = PBXBuildFile; fileRef = 839F643B1C0D4E4300CAEC9E /* Cru-Logo.png */; };
		839F64421C0D4E4300CAEC9E /* Home-25.png in Resources */ = {isa = PBXBuildFile; fileRef = 839F643C1C0D4E4300CAEC9E /* Home-25.png */; };
		839F64431C0D4E4300CAEC9E /* Literature-25.png in Resources */ = {isa = PBXBuildFile; fileRef = 839F643D1C0D4E4300CAEC9E /* Literature-25.png */; };
		839F64441C0D4E4300CAEC9E /* Planner-25.png in Resources */ = {isa = PBXBuildFile; fileRef = 839F643E1C0D4E4300CAEC9E /* Planner-25.png */; };
		839F64451C0D4E4300CAEC9E /* Summer-25.png in Resources */ = {isa = PBXBuildFile; fileRef = 839F643F1C0D4E4300CAEC9E /* Summer-25.png */; };
		839F64461C0D4E4300CAEC9E /* User Group-25.png in Resources */ = {isa = PBXBuildFile; fileRef = 839F64401C0D4E4300CAEC9E /* User Group-25.png */; };
		839F64491C0D643A00CAEC9E /* menu.png in Resources */ = {isa = PBXBuildFile; fileRef = 839F64481C0D643A00CAEC9E /* menu.png */; };
		839F64551C0D6BD100CAEC9E /* GetInvolved.storyboard in Resources */ = {isa = PBXBuildFile; fileRef = 839F64531C0D6BD100CAEC9E /* GetInvolved.storyboard */; };
		839F64581C0D6C1E00CAEC9E /* SummerMissions.storyboard in Resources */ = {isa = PBXBuildFile; fileRef = 839F64561C0D6C1E00CAEC9E /* SummerMissions.storyboard */; };
		839F645B1C0D6C4C00CAEC9E /* Resources.storyboard in Resources */ = {isa = PBXBuildFile; fileRef = 839F64591C0D6C4C00CAEC9E /* Resources.storyboard */; };
		839F64601C0D70AA00CAEC9E /* Box-25.png in Resources */ = {isa = PBXBuildFile; fileRef = 839F645F1C0D70AA00CAEC9E /* Box-25.png */; };
		83A98E821C63129300338D0A /* GoogleService-Info.plist in Resources */ = {isa = PBXBuildFile; fileRef = 83A98E811C63129300338D0A /* GoogleService-Info.plist */; };
		83B1CB101C4856BC00145B6D /* CoreDataModel.xcdatamodeld in Sources */ = {isa = PBXBuildFile; fileRef = 83B1CB0E1C4856BC00145B6D /* CoreDataModel.xcdatamodeld */; };
		83B1CB251C4886F700145B6D /* MinistryCoreData.swift in Sources */ = {isa = PBXBuildFile; fileRef = 83B1CB211C4886F700145B6D /* MinistryCoreData.swift */; };
		83B1CB271C4886F700145B6D /* CampusCoreData.swift in Sources */ = {isa = PBXBuildFile; fileRef = 83B1CB231C4886F700145B6D /* CampusCoreData.swift */; };
		83B1CB291C48880A00145B6D /* UserProfile.swift in Sources */ = {isa = PBXBuildFile; fileRef = 83B1CB281C48880A00145B6D /* UserProfile.swift */; };
		A40DD9941C0EC0FB00BCFEC5 /* DBClient.swift in Sources */ = {isa = PBXBuildFile; fileRef = A40DD9931C0EC0FB00BCFEC5 /* DBClient.swift */; };
		A40DD9A21C0EC61600BCFEC5 /* SummerMissionsViewController.swift in Sources */ = {isa = PBXBuildFile; fileRef = A40DD9A11C0EC61600BCFEC5 /* SummerMissionsViewController.swift */; };
		A40DD9A41C0EC62F00BCFEC5 /* Mission.swift in Sources */ = {isa = PBXBuildFile; fileRef = A40DD9A31C0EC62F00BCFEC5 /* Mission.swift */; };
		A40DD9AB1C0ED54F00BCFEC5 /* EventViewCell.swift in Sources */ = {isa = PBXBuildFile; fileRef = A40DD9AA1C0ED54F00BCFEC5 /* EventViewCell.swift */; };
		A4110B481C0F7E3400F47AB4 /* Calendar-25.png in Resources */ = {isa = PBXBuildFile; fileRef = A4110B471C0F7E3400F47AB4 /* Calendar-25.png */; };
		A4110B501C0F7EB500F47AB4 /* Facebook-25.png in Resources */ = {isa = PBXBuildFile; fileRef = A4110B4F1C0F7EB500F47AB4 /* Facebook-25.png */; };
		A4110B521C0FA44700F47AB4 /* Location.swift in Sources */ = {isa = PBXBuildFile; fileRef = A4110B511C0FA44700F47AB4 /* Location.swift */; };
		A441CE6C1C75B0FD00663057 /* RideShare.storyboard in Resources */ = {isa = PBXBuildFile; fileRef = A441CE6B1C75B0FD00663057 /* RideShare.storyboard */; };
		A441CE6F1C7634CB00663057 /* Passenger.swift in Sources */ = {isa = PBXBuildFile; fileRef = A441CE6E1C7634CB00663057 /* Passenger.swift */; };
		A441CE771C763AC400663057 /* SelectDriverTableViewCell.swift in Sources */ = {isa = PBXBuildFile; fileRef = A441CE761C763AC400663057 /* SelectDriverTableViewCell.swift */; };
		A441CE791C764BA600663057 /* SelectDriverTableViewController.swift in Sources */ = {isa = PBXBuildFile; fileRef = A441CE781C764BA600663057 /* SelectDriverTableViewController.swift */; };
		A441CE7B1C765D4800663057 /* DriverSelectedViewController.swift in Sources */ = {isa = PBXBuildFile; fileRef = A441CE7A1C765D4800663057 /* DriverSelectedViewController.swift */; };
		A441CE801C7A957500663057 /* Resource.swift in Sources */ = {isa = PBXBuildFile; fileRef = A441CE7F1C7A957500663057 /* Resource.swift */; };
		A441CE901C7F935600663057 /* RideShareStatusTableViewController.swift in Sources */ = {isa = PBXBuildFile; fileRef = A441CE8F1C7F935600663057 /* RideShareStatusTableViewController.swift */; };
		A447DBB31C5AC8D3000C6DEB /* Events.storyboard in Resources */ = {isa = PBXBuildFile; fileRef = A447DBAF1C5AC8D3000C6DEB /* Events.storyboard */; };
		A447DBBF1C5ACBBB000C6DEB /* Car-25.png in Resources */ = {isa = PBXBuildFile; fileRef = A447DBBB1C5ACBBB000C6DEB /* Car-25.png */; };
		A447DBC01C5ACBBB000C6DEB /* Checked Checkbox 2-48.png in Resources */ = {isa = PBXBuildFile; fileRef = A447DBBC1C5ACBBB000C6DEB /* Checked Checkbox 2-48.png */; };
		A447DBC11C5ACBBB000C6DEB /* Filled-Car-100.png in Resources */ = {isa = PBXBuildFile; fileRef = A447DBBD1C5ACBBB000C6DEB /* Filled-Car-100.png */; };
		A447DBC21C5ACBBB000C6DEB /* Passenger-52.png in Resources */ = {isa = PBXBuildFile; fileRef = A447DBBE1C5ACBBB000C6DEB /* Passenger-52.png */; };
		A45572F91C49CCE90097DE0F /* Google Plus-25.png in Resources */ = {isa = PBXBuildFile; fileRef = A45572F81C49CCE90097DE0F /* Google Plus-25.png */; };
		A45572FB1C4A176F0097DE0F /* EventDetailsViewController.swift in Sources */ = {isa = PBXBuildFile; fileRef = A45572FA1C4A176F0097DE0F /* EventDetailsViewController.swift */; };
		A45573001C4CDAF60097DE0F /* MissionViewCell.swift in Sources */ = {isa = PBXBuildFile; fileRef = A45572FF1C4CDAF60097DE0F /* MissionViewCell.swift */; };
		A45573021C4E219A0097DE0F /* MissionDetailsViewController.swift in Sources */ = {isa = PBXBuildFile; fileRef = A45573011C4E219A0097DE0F /* MissionDetailsViewController.swift */; };
		A487BBEF1C6353A5006F9B3C /* DriverStatusTableViewCell.swift in Sources */ = {isa = PBXBuildFile; fileRef = A487BBEE1C6353A5006F9B3C /* DriverStatusTableViewCell.swift */; };
		A487BBFB1C635E78006F9B3C /* Driver.swift in Sources */ = {isa = PBXBuildFile; fileRef = A487BBFA1C635E78006F9B3C /* Driver.swift */; };
		A4A836431C83D0AA003FBD8D /* Delete-50.png in Resources */ = {isa = PBXBuildFile; fileRef = A4A836421C83D0AA003FBD8D /* Delete-50.png */; };
		A4A8364B1C83D396003FBD8D /* PassengerStatusTableViewCell.swift in Sources */ = {isa = PBXBuildFile; fileRef = A4A8364A1C83D396003FBD8D /* PassengerStatusTableViewCell.swift */; };
		CBF52B4D6C6CD44BBF744548 /* Pods_CruApp.framework in Frameworks */ = {isa = PBXBuildFile; fileRef = DD14769052309A631372632E /* Pods_CruApp.framework */; };
		ED9C86A183880B247B3BFD34 /* Pods_CruAppTests.framework in Frameworks */ = {isa = PBXBuildFile; fileRef = A4F2845EF072292DB7417694 /* Pods_CruAppTests.framework */; };
/* End PBXBuildFile section */

/* Begin PBXContainerItemProxy section */
		070861B21C0DC67200D6D646 /* PBXContainerItemProxy */ = {
			isa = PBXContainerItemProxy;
			containerPortal = 271BDF491C0D53710075A29E /* Alamofire.xcodeproj */;
			proxyType = 1;
			remoteGlobalIDString = F8111E3219A95C8B0040E7D1;
			remoteInfo = "Alamofire iOS";
		};
		271BDF531C0D53710075A29E /* PBXContainerItemProxy */ = {
			isa = PBXContainerItemProxy;
			containerPortal = 271BDF491C0D53710075A29E /* Alamofire.xcodeproj */;
			proxyType = 2;
			remoteGlobalIDString = F8111E3319A95C8B0040E7D1;
			remoteInfo = "Alamofire iOS";
		};
		271BDF551C0D53710075A29E /* PBXContainerItemProxy */ = {
			isa = PBXContainerItemProxy;
			containerPortal = 271BDF491C0D53710075A29E /* Alamofire.xcodeproj */;
			proxyType = 2;
			remoteGlobalIDString = F8111E3E19A95C8B0040E7D1;
			remoteInfo = "Alamofire iOS Tests";
		};
		271BDF571C0D53710075A29E /* PBXContainerItemProxy */ = {
			isa = PBXContainerItemProxy;
			containerPortal = 271BDF491C0D53710075A29E /* Alamofire.xcodeproj */;
			proxyType = 2;
			remoteGlobalIDString = 4DD67C0B1A5C55C900ED2280;
			remoteInfo = "Alamofire OSX";
		};
		271BDF591C0D53710075A29E /* PBXContainerItemProxy */ = {
			isa = PBXContainerItemProxy;
			containerPortal = 271BDF491C0D53710075A29E /* Alamofire.xcodeproj */;
			proxyType = 2;
			remoteGlobalIDString = F829C6B21A7A94F100A2CD59;
			remoteInfo = "Alamofire OSX Tests";
		};
		271BDF5B1C0D53710075A29E /* PBXContainerItemProxy */ = {
			isa = PBXContainerItemProxy;
			containerPortal = 271BDF491C0D53710075A29E /* Alamofire.xcodeproj */;
			proxyType = 2;
			remoteGlobalIDString = 4CF626EF1BA7CB3E0011A099;
			remoteInfo = "Alamofire tvOS";
		};
		271BDF5D1C0D53710075A29E /* PBXContainerItemProxy */ = {
			isa = PBXContainerItemProxy;
			containerPortal = 271BDF491C0D53710075A29E /* Alamofire.xcodeproj */;
			proxyType = 2;
			remoteGlobalIDString = 4CF626F81BA7CB3E0011A099;
			remoteInfo = "Alamofire tvOS Tests";
		};
		271BDF5F1C0D53710075A29E /* PBXContainerItemProxy */ = {
			isa = PBXContainerItemProxy;
			containerPortal = 271BDF491C0D53710075A29E /* Alamofire.xcodeproj */;
			proxyType = 2;
			remoteGlobalIDString = E4202FE01B667AA100C997FB;
			remoteInfo = "Alamofire watchOS";
		};
		271BDF611C0D53850075A29E /* PBXContainerItemProxy */ = {
			isa = PBXContainerItemProxy;
			containerPortal = 271BDF491C0D53710075A29E /* Alamofire.xcodeproj */;
			proxyType = 1;
			remoteGlobalIDString = F8111E3219A95C8B0040E7D1;
			remoteInfo = "Alamofire iOS";
		};
		277E67581BEB6362001C29DD /* PBXContainerItemProxy */ = {
			isa = PBXContainerItemProxy;
			containerPortal = 0725199C1BE9694000F38F81 /* Project object */;
			proxyType = 1;
			remoteGlobalIDString = 072519A31BE9694000F38F81;
			remoteInfo = CruApp;
		};
/* End PBXContainerItemProxy section */

/* Begin PBXCopyFilesBuildPhase section */
		070861B41C0DC67200D6D646 /* Embed Frameworks */ = {
			isa = PBXCopyFilesBuildPhase;
			buildActionMask = 2147483647;
			dstPath = "";
			dstSubfolderSpec = 10;
			files = (
				070861B11C0DC67200D6D646 /* Alamofire.framework in Embed Frameworks */,
			);
			name = "Embed Frameworks";
			runOnlyForDeploymentPostprocessing = 0;
		};
/* End PBXCopyFilesBuildPhase section */

/* Begin PBXFileReference section */
		0703C7311C4DFA8500C7D8ED /* blank_calendar.png */ = {isa = PBXFileReference; lastKnownFileType = image.png; name = blank_calendar.png; path = images/blank_calendar.png; sourceTree = "<group>"; };
		072519A41BE9694000F38F81 /* CruApp.app */ = {isa = PBXFileReference; explicitFileType = wrapper.application; includeInIndex = 0; path = CruApp.app; sourceTree = BUILT_PRODUCTS_DIR; };
		072519A71BE9694000F38F81 /* AppDelegate.swift */ = {isa = PBXFileReference; lastKnownFileType = sourcecode.swift; path = AppDelegate.swift; sourceTree = "<group>"; };
		072519AC1BE9694000F38F81 /* Base */ = {isa = PBXFileReference; lastKnownFileType = file.storyboard; name = Base; path = Base.lproj/Main.storyboard; sourceTree = "<group>"; };
		072519AE1BE9694000F38F81 /* Assets.xcassets */ = {isa = PBXFileReference; lastKnownFileType = folder.assetcatalog; path = Assets.xcassets; sourceTree = "<group>"; };
		072519B11BE9694000F38F81 /* Base */ = {isa = PBXFileReference; lastKnownFileType = file.storyboard; name = Base; path = Base.lproj/LaunchScreen.storyboard; sourceTree = "<group>"; };
		072519B31BE9694000F38F81 /* Info.plist */ = {isa = PBXFileReference; lastKnownFileType = text.plist.xml; path = Info.plist; sourceTree = "<group>"; };
		0725A04D1C865269006E8E0C /* AvailNumSeatCell.swift */ = {isa = PBXFileReference; fileEncoding = 4; lastKnownFileType = sourcecode.swift; path = AvailNumSeatCell.swift; sourceTree = "<group>"; };
		0725A05E1C867529006E8E0C /* DriveTypeCell.swift */ = {isa = PBXFileReference; fileEncoding = 4; lastKnownFileType = sourcecode.swift; path = DriveTypeCell.swift; sourceTree = "<group>"; };
		0725A0601C8679C7006E8E0C /* EnterLocationPlaceCell.swift */ = {isa = PBXFileReference; fileEncoding = 4; lastKnownFileType = sourcecode.swift; path = EnterLocationPlaceCell.swift; sourceTree = "<group>"; };
		0727F9A41C5AD13000066948 /* DriverQuestionnaireVC.swift */ = {isa = PBXFileReference; fileEncoding = 4; lastKnownFileType = sourcecode.swift; path = DriverQuestionnaireVC.swift; sourceTree = "<group>"; };
		07340BB11C5B3606002C6015 /* PassengerQuestionnaireVC.swift */ = {isa = PBXFileReference; fileEncoding = 4; lastKnownFileType = sourcecode.swift; path = PassengerQuestionnaireVC.swift; sourceTree = "<group>"; };
		07340BB91C5B36B5002C6015 /* info.png */ = {isa = PBXFileReference; lastKnownFileType = image.png; name = info.png; path = images/info.png; sourceTree = "<group>"; };
		078739871C86178E00D09C14 /* NameFieldCell.swift */ = {isa = PBXFileReference; fileEncoding = 4; lastKnownFileType = sourcecode.swift; path = NameFieldCell.swift; sourceTree = "<group>"; };
		0787398F1C86179D00D09C14 /* PhoneNumCell.swift */ = {isa = PBXFileReference; fileEncoding = 4; lastKnownFileType = sourcecode.swift; path = PhoneNumCell.swift; sourceTree = "<group>"; };
		078739911C8617D000D09C14 /* ScrollPickerCell.swift */ = {isa = PBXFileReference; fileEncoding = 4; lastKnownFileType = sourcecode.swift; path = ScrollPickerCell.swift; sourceTree = "<group>"; };
		078739931C8628CA00D09C14 /* StartTimePickerCell.swift */ = {isa = PBXFileReference; fileEncoding = 4; lastKnownFileType = sourcecode.swift; path = StartTimePickerCell.swift; sourceTree = "<group>"; };
		07AF13CA1C748ACA004C28FA /* ToolsTableViewController.swift */ = {isa = PBXFileReference; fileEncoding = 4; lastKnownFileType = sourcecode.swift; path = ToolsTableViewController.swift; sourceTree = "<group>"; };
		07AF13D21C749288004C28FA /* ToolTableViewCell.swift */ = {isa = PBXFileReference; fileEncoding = 4; lastKnownFileType = sourcecode.swift; path = ToolTableViewCell.swift; sourceTree = "<group>"; };
		07C196321C0E6AD400375B8D /* ArticlesTableViewController.swift */ = {isa = PBXFileReference; fileEncoding = 4; lastKnownFileType = sourcecode.swift; path = ArticlesTableViewController.swift; sourceTree = "<group>"; };
		07C196341C0E6D9F00375B8D /* ArticleTableViewCell.swift */ = {isa = PBXFileReference; fileEncoding = 4; lastKnownFileType = sourcecode.swift; path = ArticleTableViewCell.swift; sourceTree = "<group>"; };
		07C196361C0E863000375B8D /* VideoTableViewCell.swift */ = {isa = PBXFileReference; fileEncoding = 4; lastKnownFileType = sourcecode.swift; path = VideoTableViewCell.swift; sourceTree = "<group>"; };
		07DA041B1C88C8D3005A0ACB /* VideoIcon.png */ = {isa = PBXFileReference; lastKnownFileType = image.png; path = VideoIcon.png; sourceTree = "<group>"; };
		07DA04231C88CA8D005A0ACB /* ArticlesIcon.png */ = {isa = PBXFileReference; lastKnownFileType = image.png; path = ArticlesIcon.png; sourceTree = "<group>"; };
		07DA04251C88CBC7005A0ACB /* ToolsIcon.png */ = {isa = PBXFileReference; lastKnownFileType = image.png; path = ToolsIcon.png; sourceTree = "<group>"; };
		07ED81701C0D7ECC007FFB53 /* ResourcesViewController.swift */ = {isa = PBXFileReference; fileEncoding = 4; lastKnownFileType = sourcecode.swift; path = ResourcesViewController.swift; sourceTree = "<group>"; };
		07F802C11C76930B00A7A4BC /* rideShareIcon.png */ = {isa = PBXFileReference; lastKnownFileType = image.png; name = rideShareIcon.png; path = images/rideShareIcon.png; sourceTree = "<group>"; };
		14A37DE1D2D4A3701357F6E0 /* Pods-CruAppTests.debug.xcconfig */ = {isa = PBXFileReference; includeInIndex = 1; lastKnownFileType = text.xcconfig; name = "Pods-CruAppTests.debug.xcconfig"; path = "Pods/Target Support Files/Pods-CruAppTests/Pods-CruAppTests.debug.xcconfig"; sourceTree = "<group>"; };
		1E37E71E1C0E362D0054607A /* Event.swift */ = {isa = PBXFileReference; fileEncoding = 4; lastKnownFileType = sourcecode.swift; path = Event.swift; sourceTree = "<group>"; };
		1E37E7211C0E362D0054607A /* EventsViewController.swift */ = {isa = PBXFileReference; fileEncoding = 4; lastKnownFileType = sourcecode.swift; path = EventsViewController.swift; sourceTree = "<group>"; };
		1E37E7221C0E362D0054607A /* VideosTableViewController.swift */ = {isa = PBXFileReference; fileEncoding = 4; lastKnownFileType = sourcecode.swift; path = VideosTableViewController.swift; sourceTree = "<group>"; };
		1EB405241C63E3F900220D5B /* GTL.framework */ = {isa = PBXFileReference; lastKnownFileType = wrapper.framework; name = GTL.framework; path = "google-api-objectivec-client/Source/build/Debug-iphoneos/GTL.framework"; sourceTree = "<group>"; };
		1EB4053E1C63E87200220D5B /* GTL.framework */ = {isa = PBXFileReference; lastKnownFileType = wrapper.framework; name = GTL.framework; path = "google-api-objectivec-client/Source/build/Debug-iphoneos/GTL.framework"; sourceTree = "<group>"; };
		1EB405401C63E88A00220D5B /* GTLCalendar_Sources.m */ = {isa = PBXFileReference; fileEncoding = 4; lastKnownFileType = sourcecode.c.objc; name = GTLCalendar_Sources.m; path = "google-api-objectivec-client/Source/Services/Calendar/Generated/GTLCalendar_Sources.m"; sourceTree = "<group>"; };
		1EB405411C63E88A00220D5B /* GTLCalendar.h */ = {isa = PBXFileReference; fileEncoding = 4; lastKnownFileType = sourcecode.c.h; name = GTLCalendar.h; path = "google-api-objectivec-client/Source/Services/Calendar/Generated/GTLCalendar.h"; sourceTree = "<group>"; };
		1EB405431C63E89900220D5B /* GTMOAuth2ViewTouch.xib */ = {isa = PBXFileReference; fileEncoding = 4; lastKnownFileType = file.xib; name = GTMOAuth2ViewTouch.xib; path = "google-api-objectivec-client/Deps/gtm-oauth2/Source/Touch/GTMOAuth2ViewTouch.xib"; sourceTree = SOURCE_ROOT; };
		271BDF491C0D53710075A29E /* Alamofire.xcodeproj */ = {isa = PBXFileReference; lastKnownFileType = "wrapper.pb-project"; name = Alamofire.xcodeproj; path = "frameworks/Alamofire-master/Alamofire.xcodeproj"; sourceTree = "<group>"; };
		271C78151C5040EA00F42EA0 /* Initial.storyboard */ = {isa = PBXFileReference; fileEncoding = 4; lastKnownFileType = file.storyboard; name = Initial.storyboard; path = Base.lproj/Initial.storyboard; sourceTree = "<group>"; };
		271C78201C50434000F42EA0 /* InitialCampusTableViewController.swift */ = {isa = PBXFileReference; fileEncoding = 4; lastKnownFileType = sourcecode.swift; path = InitialCampusTableViewController.swift; sourceTree = "<group>"; };
		271C78221C5044B100F42EA0 /* InitialCampusTableViewCell.swift */ = {isa = PBXFileReference; fileEncoding = 4; lastKnownFileType = sourcecode.swift; path = InitialCampusTableViewCell.swift; sourceTree = "<group>"; };
		277E67531BEB6362001C29DD /* CruAppTests.xctest */ = {isa = PBXFileReference; explicitFileType = wrapper.cfbundle; includeInIndex = 0; path = CruAppTests.xctest; sourceTree = BUILT_PRODUCTS_DIR; };
		277E67551BEB6362001C29DD /* CruAppTests.swift */ = {isa = PBXFileReference; lastKnownFileType = sourcecode.swift; path = CruAppTests.swift; sourceTree = "<group>"; };
		277E67571BEB6362001C29DD /* Info.plist */ = {isa = PBXFileReference; lastKnownFileType = text.plist.xml; path = Info.plist; sourceTree = "<group>"; };
		278C4C2A1C86640100EB0AC1 /* FreigSanProBlk.otf */ = {isa = PBXFileReference; lastKnownFileType = file; path = FreigSanProBlk.otf; sourceTree = "<group>"; };
		278C4C2B1C86640100EB0AC1 /* FreigSanProBlkIt.otf */ = {isa = PBXFileReference; lastKnownFileType = file; path = FreigSanProBlkIt.otf; sourceTree = "<group>"; };
		278C4C2C1C86640100EB0AC1 /* FreigSanProBold.otf */ = {isa = PBXFileReference; lastKnownFileType = file; path = FreigSanProBold.otf; sourceTree = "<group>"; };
		278C4C2D1C86640100EB0AC1 /* FreigSanProBoldIt.otf */ = {isa = PBXFileReference; lastKnownFileType = file; path = FreigSanProBoldIt.otf; sourceTree = "<group>"; };
		278C4C2E1C86640100EB0AC1 /* FreigSanProBook.otf */ = {isa = PBXFileReference; lastKnownFileType = file; path = FreigSanProBook.otf; sourceTree = "<group>"; };
		278C4C2F1C86640100EB0AC1 /* FreigSanProBookIt.otf */ = {isa = PBXFileReference; lastKnownFileType = file; path = FreigSanProBookIt.otf; sourceTree = "<group>"; };
		278C4C301C86640100EB0AC1 /* FreigSanProLig.otf */ = {isa = PBXFileReference; lastKnownFileType = file; path = FreigSanProLig.otf; sourceTree = "<group>"; };
		278C4C311C86640100EB0AC1 /* FreigSanProLigIt.otf */ = {isa = PBXFileReference; lastKnownFileType = file; path = FreigSanProLigIt.otf; sourceTree = "<group>"; };
		278C4C321C86640100EB0AC1 /* FreigSanProMed.otf */ = {isa = PBXFileReference; lastKnownFileType = file; path = FreigSanProMed.otf; sourceTree = "<group>"; };
		278C4C331C86640100EB0AC1 /* FreigSanProMedIt.otf */ = {isa = PBXFileReference; lastKnownFileType = file; path = FreigSanProMedIt.otf; sourceTree = "<group>"; };
		278C4C341C86640100EB0AC1 /* FreigSanProSem.otf */ = {isa = PBXFileReference; lastKnownFileType = file; path = FreigSanProSem.otf; sourceTree = "<group>"; };
		278C4C351C86640100EB0AC1 /* FreigSanProSemIt.otf */ = {isa = PBXFileReference; lastKnownFileType = file; path = FreigSanProSemIt.otf; sourceTree = "<group>"; };
		278C4C361C86640100EB0AC1 /* GF End User License.rtf */ = {isa = PBXFileReference; fileEncoding = 4; lastKnownFileType = text.rtf; path = "GF End User License.rtf"; sourceTree = "<group>"; };
		278C4C611C87A2B100EB0AC1 /* JoinMinistryTeamTVC.swift */ = {isa = PBXFileReference; fileEncoding = 4; lastKnownFileType = sourcecode.swift; path = JoinMinistryTeamTVC.swift; sourceTree = "<group>"; };
		278C4C631C87A40A00EB0AC1 /* MinistryTeamData.swift */ = {isa = PBXFileReference; fileEncoding = 4; lastKnownFileType = sourcecode.swift; path = MinistryTeamData.swift; sourceTree = "<group>"; };
		278C4C651C87AB9A00EB0AC1 /* MinistryTeamTableViewCell.swift */ = {isa = PBXFileReference; fileEncoding = 4; lastKnownFileType = sourcecode.swift; path = MinistryTeamTableViewCell.swift; sourceTree = "<group>"; };
		278C4C721C87E6FF00EB0AC1 /* MyButton.swift */ = {isa = PBXFileReference; fileEncoding = 4; lastKnownFileType = sourcecode.swift; path = MyButton.swift; sourceTree = "<group>"; };
		279326EE1C509C2100BAC73D /* PopUpViewController.xib */ = {isa = PBXFileReference; fileEncoding = 4; lastKnownFileType = file.xib; name = PopUpViewController.xib; path = NMPopUpView/Pod/Classes/PopUpViewController.xib; sourceTree = "<group>"; };
		279326EF1C509C2100BAC73D /* PopUpViewController_iPad.xib */ = {isa = PBXFileReference; fileEncoding = 4; lastKnownFileType = file.xib; name = PopUpViewController_iPad.xib; path = NMPopUpView/Pod/Classes/PopUpViewController_iPad.xib; sourceTree = "<group>"; };
		279326F11C509C2100BAC73D /* PopUpViewController_iPhone6Plus.xib */ = {isa = PBXFileReference; fileEncoding = 4; lastKnownFileType = file.xib; name = PopUpViewController_iPhone6Plus.xib; path = NMPopUpView/Pod/Classes/PopUpViewController_iPhone6Plus.xib; sourceTree = "<group>"; };
		279326F21C509C2100BAC73D /* PopUpViewControllerSwift.swift */ = {isa = PBXFileReference; fileEncoding = 4; lastKnownFileType = sourcecode.swift; name = PopUpViewControllerSwift.swift; path = NMPopUpView/Pod/Classes/PopUpViewControllerSwift.swift; sourceTree = "<group>"; };
		279326F41C509C2100BAC73D /* Info.plist */ = {isa = PBXFileReference; fileEncoding = 4; lastKnownFileType = text.plist.xml; path = Info.plist; sourceTree = "<group>"; };
		279326F51C509C2100BAC73D /* NMPopUpViewSwift.modulemap */ = {isa = PBXFileReference; fileEncoding = 4; lastKnownFileType = "sourcecode.module-map"; path = NMPopUpViewSwift.modulemap; sourceTree = "<group>"; };
		279326F61C509C2100BAC73D /* NMPopUpViewSwift.xcconfig */ = {isa = PBXFileReference; fileEncoding = 4; lastKnownFileType = text.xcconfig; path = NMPopUpViewSwift.xcconfig; sourceTree = "<group>"; };
		279326F71C509C2100BAC73D /* NMPopUpViewSwift-dummy.m */ = {isa = PBXFileReference; fileEncoding = 4; lastKnownFileType = sourcecode.c.objc; path = "NMPopUpViewSwift-dummy.m"; sourceTree = "<group>"; };
		279326F81C509C2100BAC73D /* NMPopUpViewSwift-prefix.pch */ = {isa = PBXFileReference; fileEncoding = 4; lastKnownFileType = sourcecode.c.h; path = "NMPopUpViewSwift-prefix.pch"; sourceTree = "<group>"; };
		279326F91C509C2100BAC73D /* NMPopUpViewSwift-umbrella.h */ = {isa = PBXFileReference; fileEncoding = 4; lastKnownFileType = sourcecode.c.h; path = "NMPopUpViewSwift-umbrella.h"; sourceTree = "<group>"; };
		279327041C50A0EC00BAC73D /* InitialMinistryTableViewController.swift */ = {isa = PBXFileReference; fileEncoding = 4; lastKnownFileType = sourcecode.swift; path = InitialMinistryTableViewController.swift; sourceTree = "<group>"; };
		279327061C50A10500BAC73D /* InitialMinistryTableViewCell.swift */ = {isa = PBXFileReference; fileEncoding = 4; lastKnownFileType = sourcecode.swift; path = InitialMinistryTableViewCell.swift; sourceTree = "<group>"; };
		27A8DFB61C87F0C100A8F080 /* PopUpViewController_iPhone6.xib */ = {isa = PBXFileReference; fileEncoding = 4; lastKnownFileType = file.xib; path = PopUpViewController_iPhone6.xib; sourceTree = "<group>"; };
		27CA34431C8D3A8500C694A6 /* calendar_icon.png */ = {isa = PBXFileReference; lastKnownFileType = image.png; name = calendar_icon.png; path = images/calendar_icon.png; sourceTree = "<group>"; };
		27CA34441C8D3A8500C694A6 /* google_icon.png */ = {isa = PBXFileReference; lastKnownFileType = image.png; name = google_icon.png; path = images/google_icon.png; sourceTree = "<group>"; };
		27CA344D1C8D3AC000C694A6 /* fb_logo.png */ = {isa = PBXFileReference; lastKnownFileType = image.png; name = fb_logo.png; path = images/fb_logo.png; sourceTree = "<group>"; };
		27CA344F1C8D3C0200C694A6 /* fb_icon.png */ = {isa = PBXFileReference; lastKnownFileType = image.png; name = fb_icon.png; path = images/fb_icon.png; sourceTree = "<group>"; };
		27CA34511C8D3EF400C694A6 /* calendar_icon.png */ = {isa = PBXFileReference; lastKnownFileType = image.png; name = calendar_icon.png; path = images/calendar_icon.png; sourceTree = "<group>"; };
		4C75FBE0147F103088890A81 /* Pods-CruAppTests.release.xcconfig */ = {isa = PBXFileReference; includeInIndex = 1; lastKnownFileType = text.xcconfig; name = "Pods-CruAppTests.release.xcconfig"; path = "Pods/Target Support Files/Pods-CruAppTests/Pods-CruAppTests.release.xcconfig"; sourceTree = "<group>"; };
		56975AA48A624728978E6E3E /* Pods-CruApp.debug.xcconfig */ = {isa = PBXFileReference; includeInIndex = 1; lastKnownFileType = text.xcconfig; name = "Pods-CruApp.debug.xcconfig"; path = "Pods/Target Support Files/Pods-CruApp/Pods-CruApp.debug.xcconfig"; sourceTree = "<group>"; };
		83244B6D1C7579BA00D913A6 /* CampusData.swift */ = {isa = PBXFileReference; fileEncoding = 4; lastKnownFileType = sourcecode.swift; path = CampusData.swift; sourceTree = "<group>"; };
		83244B751C7579F000D913A6 /* MinistryData.swift */ = {isa = PBXFileReference; fileEncoding = 4; lastKnownFileType = sourcecode.swift; path = MinistryData.swift; sourceTree = "<group>"; };
		83244B7F1C75AD9400D913A6 /* SidebarTableViewController.swift */ = {isa = PBXFileReference; fileEncoding = 4; lastKnownFileType = sourcecode.swift; path = SidebarTableViewController.swift; sourceTree = "<group>"; };
		832FDCC91C8549FB00836B7C /* MainInvolvedTVC.swift */ = {isa = PBXFileReference; fileEncoding = 4; lastKnownFileType = sourcecode.swift; path = MainInvolvedTVC.swift; sourceTree = "<group>"; };
		832FDCCB1C854B1600836B7C /* InvolvedGroupsTVC.swift */ = {isa = PBXFileReference; fileEncoding = 4; lastKnownFileType = sourcecode.swift; path = InvolvedGroupsTVC.swift; sourceTree = "<group>"; };
		832FDCCF1C854C0900836B7C /* MinistryTeamDetailVC.swift */ = {isa = PBXFileReference; fileEncoding = 4; lastKnownFileType = sourcecode.swift; path = MinistryTeamDetailVC.swift; sourceTree = "<group>"; };
		832FDCD11C854CBA00836B7C /* MinistryTeamSignUpVC.swift */ = {isa = PBXFileReference; fileEncoding = 4; lastKnownFileType = sourcecode.swift; path = MinistryTeamSignUpVC.swift; sourceTree = "<group>"; };
		832FDCD31C854CE600836B7C /* MinistryTeamSuccessVC.swift */ = {isa = PBXFileReference; fileEncoding = 4; lastKnownFileType = sourcecode.swift; path = MinistryTeamSuccessVC.swift; sourceTree = "<group>"; };
		832FDCD51C854D2E00836B7C /* CGQuestionnaireVC.swift */ = {isa = PBXFileReference; fileEncoding = 4; lastKnownFileType = sourcecode.swift; path = CGQuestionnaireVC.swift; sourceTree = "<group>"; };
		832FDCD71C854D8100836B7C /* CGSuccessVC.swift */ = {isa = PBXFileReference; fileEncoding = 4; lastKnownFileType = sourcecode.swift; path = CGSuccessVC.swift; sourceTree = "<group>"; };
		832FDCE81C881EC100836B7C /* MinistryTeamCoreData.swift */ = {isa = PBXFileReference; fileEncoding = 4; lastKnownFileType = sourcecode.swift; path = MinistryTeamCoreData.swift; sourceTree = "<group>"; };
		832FDCF41C881F4600836B7C /* CommunityGroupCoreData.swift */ = {isa = PBXFileReference; fileEncoding = 4; lastKnownFileType = sourcecode.swift; path = CommunityGroupCoreData.swift; sourceTree = "<group>"; };
		832FDCF81C88224500836B7C /* CommunityGroupData.swift */ = {isa = PBXFileReference; fileEncoding = 4; lastKnownFileType = sourcecode.swift; path = CommunityGroupData.swift; sourceTree = "<group>"; };
		832FDCFB1C8832BF00836B7C /* JoinCommunityGroupTVC.swift */ = {isa = PBXFileReference; fileEncoding = 4; lastKnownFileType = sourcecode.swift; path = JoinCommunityGroupTVC.swift; sourceTree = "<group>"; };
		832FDD041C88D09100836B7C /* CommunityGroupCell.swift */ = {isa = PBXFileReference; fileEncoding = 4; lastKnownFileType = sourcecode.swift; path = CommunityGroupCell.swift; sourceTree = "<group>"; };
		83688B761C7F71E300470442 /* InitalScreenVC.swift */ = {isa = PBXFileReference; fileEncoding = 4; lastKnownFileType = sourcecode.swift; path = InitalScreenVC.swift; sourceTree = "<group>"; };
		838564F21C0D9EDF00EB1728 /* CruApp-Bridging-Header.h */ = {isa = PBXFileReference; lastKnownFileType = sourcecode.c.h; path = "CruApp-Bridging-Header.h"; sourceTree = "<group>"; };
		838564F31C0D9EDF00EB1728 /* SWRevealViewController.h */ = {isa = PBXFileReference; fileEncoding = 4; lastKnownFileType = sourcecode.c.h; path = SWRevealViewController.h; sourceTree = "<group>"; };
		838564F41C0D9EDF00EB1728 /* SWRevealViewController.m */ = {isa = PBXFileReference; fileEncoding = 4; lastKnownFileType = sourcecode.c.objc; path = SWRevealViewController.m; sourceTree = "<group>"; };
		839F643B1C0D4E4300CAEC9E /* Cru-Logo.png */ = {isa = PBXFileReference; lastKnownFileType = image.png; name = "Cru-Logo.png"; path = "images/Cru-Logo.png"; sourceTree = "<group>"; };
		839F643C1C0D4E4300CAEC9E /* Home-25.png */ = {isa = PBXFileReference; lastKnownFileType = image.png; name = "Home-25.png"; path = "images/Home-25.png"; sourceTree = "<group>"; };
		839F643D1C0D4E4300CAEC9E /* Literature-25.png */ = {isa = PBXFileReference; lastKnownFileType = image.png; name = "Literature-25.png"; path = "images/Literature-25.png"; sourceTree = "<group>"; };
		839F643E1C0D4E4300CAEC9E /* Planner-25.png */ = {isa = PBXFileReference; lastKnownFileType = image.png; name = "Planner-25.png"; path = "images/Planner-25.png"; sourceTree = "<group>"; };
		839F643F1C0D4E4300CAEC9E /* Summer-25.png */ = {isa = PBXFileReference; lastKnownFileType = image.png; name = "Summer-25.png"; path = "images/Summer-25.png"; sourceTree = "<group>"; };
		839F64401C0D4E4300CAEC9E /* User Group-25.png */ = {isa = PBXFileReference; lastKnownFileType = image.png; name = "User Group-25.png"; path = "images/User Group-25.png"; sourceTree = "<group>"; };
		839F64481C0D643A00CAEC9E /* menu.png */ = {isa = PBXFileReference; lastKnownFileType = image.png; name = menu.png; path = images/menu.png; sourceTree = "<group>"; };
		839F64541C0D6BD100CAEC9E /* Base */ = {isa = PBXFileReference; lastKnownFileType = file.storyboard; name = Base; path = Base.lproj/GetInvolved.storyboard; sourceTree = "<group>"; };
		839F64571C0D6C1E00CAEC9E /* Base */ = {isa = PBXFileReference; lastKnownFileType = file.storyboard; name = Base; path = Base.lproj/SummerMissions.storyboard; sourceTree = "<group>"; };
		839F645A1C0D6C4C00CAEC9E /* Base */ = {isa = PBXFileReference; lastKnownFileType = file.storyboard; name = Base; path = Base.lproj/Resources.storyboard; sourceTree = "<group>"; };
		839F645F1C0D70AA00CAEC9E /* Box-25.png */ = {isa = PBXFileReference; lastKnownFileType = image.png; name = "Box-25.png"; path = "images/Box-25.png"; sourceTree = "<group>"; };
		83A98E811C63129300338D0A /* GoogleService-Info.plist */ = {isa = PBXFileReference; fileEncoding = 4; lastKnownFileType = text.plist.xml; name = "GoogleService-Info.plist"; path = "../GoogleService-Info.plist"; sourceTree = "<group>"; };
		83B1CB0F1C4856BC00145B6D /* CoreDataModel.xcdatamodel */ = {isa = PBXFileReference; lastKnownFileType = wrapper.xcdatamodel; path = CoreDataModel.xcdatamodel; sourceTree = "<group>"; };
		83B1CB211C4886F700145B6D /* MinistryCoreData.swift */ = {isa = PBXFileReference; fileEncoding = 4; lastKnownFileType = sourcecode.swift; path = MinistryCoreData.swift; sourceTree = "<group>"; };
		83B1CB231C4886F700145B6D /* CampusCoreData.swift */ = {isa = PBXFileReference; fileEncoding = 4; lastKnownFileType = sourcecode.swift; path = CampusCoreData.swift; sourceTree = "<group>"; };
		83B1CB281C48880A00145B6D /* UserProfile.swift */ = {isa = PBXFileReference; fileEncoding = 4; lastKnownFileType = sourcecode.swift; path = UserProfile.swift; sourceTree = "<group>"; };
		9CC50D2817D518EDB9BF800C /* Pods-CruApp.release.xcconfig */ = {isa = PBXFileReference; includeInIndex = 1; lastKnownFileType = text.xcconfig; name = "Pods-CruApp.release.xcconfig"; path = "Pods/Target Support Files/Pods-CruApp/Pods-CruApp.release.xcconfig"; sourceTree = "<group>"; };
		A40DD9931C0EC0FB00BCFEC5 /* DBClient.swift */ = {isa = PBXFileReference; fileEncoding = 4; lastKnownFileType = sourcecode.swift; path = DBClient.swift; sourceTree = "<group>"; };
		A40DD9A11C0EC61600BCFEC5 /* SummerMissionsViewController.swift */ = {isa = PBXFileReference; fileEncoding = 4; lastKnownFileType = sourcecode.swift; path = SummerMissionsViewController.swift; sourceTree = "<group>"; };
		A40DD9A31C0EC62F00BCFEC5 /* Mission.swift */ = {isa = PBXFileReference; fileEncoding = 4; lastKnownFileType = sourcecode.swift; path = Mission.swift; sourceTree = "<group>"; };
		A40DD9AA1C0ED54F00BCFEC5 /* EventViewCell.swift */ = {isa = PBXFileReference; fileEncoding = 4; lastKnownFileType = sourcecode.swift; path = EventViewCell.swift; sourceTree = "<group>"; };
		A4110B471C0F7E3400F47AB4 /* Calendar-25.png */ = {isa = PBXFileReference; lastKnownFileType = image.png; name = "Calendar-25.png"; path = "images/Calendar-25.png"; sourceTree = "<group>"; };
		A4110B4F1C0F7EB500F47AB4 /* Facebook-25.png */ = {isa = PBXFileReference; lastKnownFileType = image.png; name = "Facebook-25.png"; path = "images/Facebook-25.png"; sourceTree = "<group>"; };
		A4110B511C0FA44700F47AB4 /* Location.swift */ = {isa = PBXFileReference; fileEncoding = 4; lastKnownFileType = sourcecode.swift; path = Location.swift; sourceTree = "<group>"; };
		A441CE6B1C75B0FD00663057 /* RideShare.storyboard */ = {isa = PBXFileReference; fileEncoding = 4; lastKnownFileType = file.storyboard; name = RideShare.storyboard; path = Base.lproj/RideShare.storyboard; sourceTree = "<group>"; };
		A441CE6E1C7634CB00663057 /* Passenger.swift */ = {isa = PBXFileReference; fileEncoding = 4; lastKnownFileType = sourcecode.swift; path = Passenger.swift; sourceTree = "<group>"; };
		A441CE761C763AC400663057 /* SelectDriverTableViewCell.swift */ = {isa = PBXFileReference; fileEncoding = 4; lastKnownFileType = sourcecode.swift; path = SelectDriverTableViewCell.swift; sourceTree = "<group>"; };
		A441CE781C764BA600663057 /* SelectDriverTableViewController.swift */ = {isa = PBXFileReference; fileEncoding = 4; lastKnownFileType = sourcecode.swift; path = SelectDriverTableViewController.swift; sourceTree = "<group>"; };
		A441CE7A1C765D4800663057 /* DriverSelectedViewController.swift */ = {isa = PBXFileReference; fileEncoding = 4; lastKnownFileType = sourcecode.swift; path = DriverSelectedViewController.swift; sourceTree = "<group>"; };
		A441CE7F1C7A957500663057 /* Resource.swift */ = {isa = PBXFileReference; fileEncoding = 4; lastKnownFileType = sourcecode.swift; path = Resource.swift; sourceTree = "<group>"; };
		A441CE8F1C7F935600663057 /* RideShareStatusTableViewController.swift */ = {isa = PBXFileReference; fileEncoding = 4; lastKnownFileType = sourcecode.swift; path = RideShareStatusTableViewController.swift; sourceTree = "<group>"; };
		A447DBB01C5AC8D3000C6DEB /* Base */ = {isa = PBXFileReference; lastKnownFileType = file.storyboard; name = Base; path = Base.lproj/Events.storyboard; sourceTree = "<group>"; };
		A447DBBB1C5ACBBB000C6DEB /* Car-25.png */ = {isa = PBXFileReference; lastKnownFileType = image.png; name = "Car-25.png"; path = "images/Car-25.png"; sourceTree = SOURCE_ROOT; };
		A447DBBC1C5ACBBB000C6DEB /* Checked Checkbox 2-48.png */ = {isa = PBXFileReference; lastKnownFileType = image.png; name = "Checked Checkbox 2-48.png"; path = "images/Checked Checkbox 2-48.png"; sourceTree = SOURCE_ROOT; };
		A447DBBD1C5ACBBB000C6DEB /* Filled-Car-100.png */ = {isa = PBXFileReference; lastKnownFileType = image.png; name = "Filled-Car-100.png"; path = "images/Filled-Car-100.png"; sourceTree = SOURCE_ROOT; };
		A447DBBE1C5ACBBB000C6DEB /* Passenger-52.png */ = {isa = PBXFileReference; lastKnownFileType = image.png; name = "Passenger-52.png"; path = "images/Passenger-52.png"; sourceTree = SOURCE_ROOT; };
		A45572F81C49CCE90097DE0F /* Google Plus-25.png */ = {isa = PBXFileReference; lastKnownFileType = image.png; name = "Google Plus-25.png"; path = "images/Google Plus-25.png"; sourceTree = SOURCE_ROOT; };
		A45572FA1C4A176F0097DE0F /* EventDetailsViewController.swift */ = {isa = PBXFileReference; fileEncoding = 4; lastKnownFileType = sourcecode.swift; path = EventDetailsViewController.swift; sourceTree = "<group>"; };
		A45572FF1C4CDAF60097DE0F /* MissionViewCell.swift */ = {isa = PBXFileReference; fileEncoding = 4; lastKnownFileType = sourcecode.swift; path = MissionViewCell.swift; sourceTree = "<group>"; };
		A45573011C4E219A0097DE0F /* MissionDetailsViewController.swift */ = {isa = PBXFileReference; fileEncoding = 4; lastKnownFileType = sourcecode.swift; path = MissionDetailsViewController.swift; sourceTree = "<group>"; };
		A487BBEE1C6353A5006F9B3C /* DriverStatusTableViewCell.swift */ = {isa = PBXFileReference; fileEncoding = 4; lastKnownFileType = sourcecode.swift; path = DriverStatusTableViewCell.swift; sourceTree = "<group>"; };
		A487BBFA1C635E78006F9B3C /* Driver.swift */ = {isa = PBXFileReference; fileEncoding = 4; lastKnownFileType = sourcecode.swift; path = Driver.swift; sourceTree = "<group>"; };
		A4A836421C83D0AA003FBD8D /* Delete-50.png */ = {isa = PBXFileReference; lastKnownFileType = image.png; name = "Delete-50.png"; path = "images/Delete-50.png"; sourceTree = "<group>"; };
		A4A8364A1C83D396003FBD8D /* PassengerStatusTableViewCell.swift */ = {isa = PBXFileReference; fileEncoding = 4; lastKnownFileType = sourcecode.swift; path = PassengerStatusTableViewCell.swift; sourceTree = "<group>"; };
		A4F2845EF072292DB7417694 /* Pods_CruAppTests.framework */ = {isa = PBXFileReference; explicitFileType = wrapper.framework; includeInIndex = 0; path = Pods_CruAppTests.framework; sourceTree = BUILT_PRODUCTS_DIR; };
		DD14769052309A631372632E /* Pods_CruApp.framework */ = {isa = PBXFileReference; explicitFileType = wrapper.framework; includeInIndex = 0; path = Pods_CruApp.framework; sourceTree = BUILT_PRODUCTS_DIR; };
/* End PBXFileReference section */

/* Begin PBXFrameworksBuildPhase section */
		072519A11BE9694000F38F81 /* Frameworks */ = {
			isa = PBXFrameworksBuildPhase;
			buildActionMask = 2147483647;
			files = (
				1EB4053F1C63E87200220D5B /* GTL.framework in Frameworks */,
				271BDF631C0D538A0075A29E /* Alamofire.framework in Frameworks */,
				CBF52B4D6C6CD44BBF744548 /* Pods_CruApp.framework in Frameworks */,
			);
			runOnlyForDeploymentPostprocessing = 0;
		};
		277E67501BEB6362001C29DD /* Frameworks */ = {
			isa = PBXFrameworksBuildPhase;
			buildActionMask = 2147483647;
			files = (
				ED9C86A183880B247B3BFD34 /* Pods_CruAppTests.framework in Frameworks */,
			);
			runOnlyForDeploymentPostprocessing = 0;
		};
/* End PBXFrameworksBuildPhase section */

/* Begin PBXGroup section */
		071F26AD1C102D2100B748C7 /* DB */ = {
			isa = PBXGroup;
			children = (
				A40DD9931C0EC0FB00BCFEC5 /* DBClient.swift */,
			);
			name = DB;
			sourceTree = "<group>";
		};
		0725199B1BE9694000F38F81 = {
			isa = PBXGroup;
			children = (
				1EB405401C63E88A00220D5B /* GTLCalendar_Sources.m */,
				1EB405411C63E88A00220D5B /* GTLCalendar.h */,
				83B1CB0E1C4856BC00145B6D /* CoreDataModel.xcdatamodeld */,
				072519A61BE9694000F38F81 /* CruApp */,
				277E67541BEB6362001C29DD /* CruAppTests */,
				072519A51BE9694000F38F81 /* Products */,
				271BDF491C0D53710075A29E /* Alamofire.xcodeproj */,
				BE8AAF2EA448B5FE9AB9269C /* Pods */,
				C6533B09B2FB930E446D08DE /* Frameworks */,
			);
			sourceTree = "<group>";
		};
		072519A51BE9694000F38F81 /* Products */ = {
			isa = PBXGroup;
			children = (
				072519A41BE9694000F38F81 /* CruApp.app */,
				277E67531BEB6362001C29DD /* CruAppTests.xctest */,
			);
			name = Products;
			sourceTree = "<group>";
		};
		072519A61BE9694000F38F81 /* CruApp */ = {
			isa = PBXGroup;
			children = (
				072519AE1BE9694000F38F81 /* Assets.xcassets */,
				072519A71BE9694000F38F81 /* AppDelegate.swift */,
				072519B31BE9694000F38F81 /* Info.plist */,
				83A98E811C63129300338D0A /* GoogleService-Info.plist */,
				1EB404DA1C633E6E00220D5B /* Supporting Files */,
				07EE5F7D1BFE6BA8009A2B44 /* VCs */,
				07EE5F7C1BFE6B92009A2B44 /* Storyboards */,
			);
			path = CruApp;
			sourceTree = "<group>";
		};
		0727F9A31C5AD10600066948 /* RideShare */ = {
			isa = PBXGroup;
			children = (
				07D56ACB1C869B86004E8DE4 /* Datatypes */,
				07D56AC41C869B67004E8DE4 /* Cells */,
				A441CE761C763AC400663057 /* SelectDriverTableViewCell.swift */,
				A441CE781C764BA600663057 /* SelectDriverTableViewController.swift */,
				A441CE7A1C765D4800663057 /* DriverSelectedViewController.swift */,
				0727F9A41C5AD13000066948 /* DriverQuestionnaireVC.swift */,
				07340BB11C5B3606002C6015 /* PassengerQuestionnaireVC.swift */,
				A487BBEE1C6353A5006F9B3C /* DriverStatusTableViewCell.swift */,
				A4A8364A1C83D396003FBD8D /* PassengerStatusTableViewCell.swift */,
				A441CE8F1C7F935600663057 /* RideShareStatusTableViewController.swift */,
			);
			name = RideShare;
			sourceTree = "<group>";
		};
		07C196291C0E5B1800375B8D /* Resources */ = {
			isa = PBXGroup;
			children = (
				07ED81701C0D7ECC007FFB53 /* ResourcesViewController.swift */,
				A441CE7F1C7A957500663057 /* Resource.swift */,
				07C196361C0E863000375B8D /* VideoTableViewCell.swift */,
				07C196341C0E6D9F00375B8D /* ArticleTableViewCell.swift */,
				07AF13D21C749288004C28FA /* ToolTableViewCell.swift */,
				1E37E7221C0E362D0054607A /* VideosTableViewController.swift */,
				07C196321C0E6AD400375B8D /* ArticlesTableViewController.swift */,
				07AF13CA1C748ACA004C28FA /* ToolsTableViewController.swift */,
			);
			name = Resources;
			sourceTree = "<group>";
		};
		07D56AC41C869B67004E8DE4 /* Cells */ = {
			isa = PBXGroup;
			children = (
				078739871C86178E00D09C14 /* NameFieldCell.swift */,
				0787398F1C86179D00D09C14 /* PhoneNumCell.swift */,
				078739911C8617D000D09C14 /* ScrollPickerCell.swift */,
				078739931C8628CA00D09C14 /* StartTimePickerCell.swift */,
				0725A04D1C865269006E8E0C /* AvailNumSeatCell.swift */,
				0725A05E1C867529006E8E0C /* DriveTypeCell.swift */,
				0725A0601C8679C7006E8E0C /* EnterLocationPlaceCell.swift */,
			);
			name = Cells;
			sourceTree = "<group>";
		};
		07D56ACB1C869B86004E8DE4 /* Datatypes */ = {
			isa = PBXGroup;
			children = (
				A487BBFA1C635E78006F9B3C /* Driver.swift */,
				A441CE6E1C7634CB00663057 /* Passenger.swift */,
			);
			name = Datatypes;
			sourceTree = "<group>";
		};
		07EE5F7C1BFE6B92009A2B44 /* Storyboards */ = {
			isa = PBXGroup;
			children = (
				A441CE6B1C75B0FD00663057 /* RideShare.storyboard */,
				271C78151C5040EA00F42EA0 /* Initial.storyboard */,
				072519AB1BE9694000F38F81 /* Main.storyboard */,
				839F64531C0D6BD100CAEC9E /* GetInvolved.storyboard */,
				A447DBAF1C5AC8D3000C6DEB /* Events.storyboard */,
				839F64561C0D6C1E00CAEC9E /* SummerMissions.storyboard */,
				839F64591C0D6C4C00CAEC9E /* Resources.storyboard */,
				072519B01BE9694000F38F81 /* LaunchScreen.storyboard */,
			);
			name = Storyboards;
			sourceTree = "<group>";
		};
		07EE5F7D1BFE6BA8009A2B44 /* VCs */ = {
			isa = PBXGroup;
			children = (
				832FDCC21C8549D600836B7C /* GetInvolved */,
				83244B7E1C75AD2300D913A6 /* SideMenu */,
				0727F9A31C5AD10600066948 /* RideShare */,
				271C781D1C50429500F42EA0 /* Initial */,
				83B1CB111C48595000145B6D /* UserProfile */,
				071F26AD1C102D2100B748C7 /* DB */,
				A40DD9A51C0EC99100BCFEC5 /* Events */,
				A40DD9A01C0EC5ED00BCFEC5 /* SummerMissions */,
				838564EB1C0D9EB900EB1728 /* SWRevealViewController */,
				07C196291C0E5B1800375B8D /* Resources */,
			);
			name = VCs;
			sourceTree = "<group>";
		};
		1EB404DA1C633E6E00220D5B /* Supporting Files */ = {
			isa = PBXGroup;
			children = (
				A43482D11C0D290E00B62D6C /* Images */,
				279326FB1C509C2100BAC73D /* NMPopUpViewSwift */,
				278C4C291C86640100EB0AC1 /* FreightSansPro  */,
				838564F21C0D9EDF00EB1728 /* CruApp-Bridging-Header.h */,
				1EB405431C63E89900220D5B /* GTMOAuth2ViewTouch.xib */,
			);
			name = "Supporting Files";
			sourceTree = "<group>";
		};
		271BDF4A1C0D53710075A29E /* Products */ = {
			isa = PBXGroup;
			children = (
				271BDF541C0D53710075A29E /* Alamofire.framework */,
				271BDF561C0D53710075A29E /* Alamofire iOS Tests.xctest */,
				271BDF581C0D53710075A29E /* Alamofire.framework */,
				271BDF5A1C0D53710075A29E /* Alamofire OSX Tests.xctest */,
				271BDF5C1C0D53710075A29E /* Alamofire.framework */,
				271BDF5E1C0D53710075A29E /* Alamofire tvOS Tests.xctest */,
				271BDF601C0D53710075A29E /* Alamofire.framework */,
			);
			name = Products;
			sourceTree = "<group>";
		};
		271C781D1C50429500F42EA0 /* Initial */ = {
			isa = PBXGroup;
			children = (
				271C78201C50434000F42EA0 /* InitialCampusTableViewController.swift */,
				271C78221C5044B100F42EA0 /* InitialCampusTableViewCell.swift */,
				279327041C50A0EC00BAC73D /* InitialMinistryTableViewController.swift */,
				279327061C50A10500BAC73D /* InitialMinistryTableViewCell.swift */,
				83688B761C7F71E300470442 /* InitalScreenVC.swift */,
				278C4C721C87E6FF00EB0AC1 /* MyButton.swift */,
			);
			name = Initial;
			sourceTree = "<group>";
		};
		277E67541BEB6362001C29DD /* CruAppTests */ = {
			isa = PBXGroup;
			children = (
				277E67551BEB6362001C29DD /* CruAppTests.swift */,
				277E67571BEB6362001C29DD /* Info.plist */,
			);
			path = CruAppTests;
			sourceTree = "<group>";
		};
		278C4C291C86640100EB0AC1 /* FreightSansPro  */ = {
			isa = PBXGroup;
			children = (
				278C4C2A1C86640100EB0AC1 /* FreigSanProBlk.otf */,
				278C4C2B1C86640100EB0AC1 /* FreigSanProBlkIt.otf */,
				278C4C2C1C86640100EB0AC1 /* FreigSanProBold.otf */,
				278C4C2D1C86640100EB0AC1 /* FreigSanProBoldIt.otf */,
				278C4C2E1C86640100EB0AC1 /* FreigSanProBook.otf */,
				278C4C2F1C86640100EB0AC1 /* FreigSanProBookIt.otf */,
				278C4C301C86640100EB0AC1 /* FreigSanProLig.otf */,
				278C4C311C86640100EB0AC1 /* FreigSanProLigIt.otf */,
				278C4C321C86640100EB0AC1 /* FreigSanProMed.otf */,
				278C4C331C86640100EB0AC1 /* FreigSanProMedIt.otf */,
				278C4C341C86640100EB0AC1 /* FreigSanProSem.otf */,
				278C4C351C86640100EB0AC1 /* FreigSanProSemIt.otf */,
				278C4C361C86640100EB0AC1 /* GF End User License.rtf */,
			);
			path = "FreightSansPro ";
			sourceTree = "<group>";
		};
		279326F31C509C2100BAC73D /* Resources */ = {
			isa = PBXGroup;
			children = (
			);
			name = Resources;
			sourceTree = "<group>";
		};
		279326FA1C509C2100BAC73D /* Support Files */ = {
			isa = PBXGroup;
			children = (
				279326F41C509C2100BAC73D /* Info.plist */,
				279326F51C509C2100BAC73D /* NMPopUpViewSwift.modulemap */,
				279326F61C509C2100BAC73D /* NMPopUpViewSwift.xcconfig */,
				279326F71C509C2100BAC73D /* NMPopUpViewSwift-dummy.m */,
				279326F81C509C2100BAC73D /* NMPopUpViewSwift-prefix.pch */,
				279326F91C509C2100BAC73D /* NMPopUpViewSwift-umbrella.h */,
			);
			name = "Support Files";
			path = "../Target Support Files/NMPopUpViewSwift";
			sourceTree = "<group>";
		};
		279326FB1C509C2100BAC73D /* NMPopUpViewSwift */ = {
			isa = PBXGroup;
			children = (
				279326EE1C509C2100BAC73D /* PopUpViewController.xib */,
				27A8DFB61C87F0C100A8F080 /* PopUpViewController_iPhone6.xib */,
				279326EF1C509C2100BAC73D /* PopUpViewController_iPad.xib */,
				279326F11C509C2100BAC73D /* PopUpViewController_iPhone6Plus.xib */,
				279326F21C509C2100BAC73D /* PopUpViewControllerSwift.swift */,
				279326F31C509C2100BAC73D /* Resources */,
				279326FA1C509C2100BAC73D /* Support Files */,
			);
			name = NMPopUpViewSwift;
			path = ../Pods/NMPopUpViewSwift;
			sourceTree = "<group>";
		};
		83244B7E1C75AD2300D913A6 /* SideMenu */ = {
			isa = PBXGroup;
			children = (
				83244B7F1C75AD9400D913A6 /* SidebarTableViewController.swift */,
			);
			name = SideMenu;
			sourceTree = "<group>";
		};
		832FDCC21C8549D600836B7C /* GetInvolved */ = {
			isa = PBXGroup;
			children = (
				832FDCC91C8549FB00836B7C /* MainInvolvedTVC.swift */,
				832FDCCB1C854B1600836B7C /* InvolvedGroupsTVC.swift */,
				832FDCCF1C854C0900836B7C /* MinistryTeamDetailVC.swift */,
				832FDCD11C854CBA00836B7C /* MinistryTeamSignUpVC.swift */,
				832FDCD31C854CE600836B7C /* MinistryTeamSuccessVC.swift */,
				832FDCD51C854D2E00836B7C /* CGQuestionnaireVC.swift */,
				832FDCD71C854D8100836B7C /* CGSuccessVC.swift */,
				278C4C611C87A2B100EB0AC1 /* JoinMinistryTeamTVC.swift */,
				278C4C651C87AB9A00EB0AC1 /* MinistryTeamTableViewCell.swift */,
				832FDCFB1C8832BF00836B7C /* JoinCommunityGroupTVC.swift */,
				832FDD041C88D09100836B7C /* CommunityGroupCell.swift */,
			);
			name = GetInvolved;
			sourceTree = "<group>";
		};
		838564EB1C0D9EB900EB1728 /* SWRevealViewController */ = {
			isa = PBXGroup;
			children = (
				838564F31C0D9EDF00EB1728 /* SWRevealViewController.h */,
				838564F41C0D9EDF00EB1728 /* SWRevealViewController.m */,
			);
			name = SWRevealViewController;
			sourceTree = "<group>";
		};
		83B1CB111C48595000145B6D /* UserProfile */ = {
			isa = PBXGroup;
			children = (
				83B1CB211C4886F700145B6D /* MinistryCoreData.swift */,
				83244B751C7579F000D913A6 /* MinistryData.swift */,
				83B1CB231C4886F700145B6D /* CampusCoreData.swift */,
				83244B6D1C7579BA00D913A6 /* CampusData.swift */,
				83B1CB281C48880A00145B6D /* UserProfile.swift */,
				278C4C631C87A40A00EB0AC1 /* MinistryTeamData.swift */,
				832FDCE81C881EC100836B7C /* MinistryTeamCoreData.swift */,
				832FDCF41C881F4600836B7C /* CommunityGroupCoreData.swift */,
				832FDCF81C88224500836B7C /* CommunityGroupData.swift */,
			);
			name = UserProfile;
			sourceTree = "<group>";
		};
		A40DD9A01C0EC5ED00BCFEC5 /* SummerMissions */ = {
			isa = PBXGroup;
			children = (
				A40DD9A11C0EC61600BCFEC5 /* SummerMissionsViewController.swift */,
				A45573011C4E219A0097DE0F /* MissionDetailsViewController.swift */,
				A45572FF1C4CDAF60097DE0F /* MissionViewCell.swift */,
				A40DD9A31C0EC62F00BCFEC5 /* Mission.swift */,
			);
			name = SummerMissions;
			sourceTree = "<group>";
		};
		A40DD9A51C0EC99100BCFEC5 /* Events */ = {
			isa = PBXGroup;
			children = (
				1E37E71E1C0E362D0054607A /* Event.swift */,
				1E37E7211C0E362D0054607A /* EventsViewController.swift */,
				A40DD9AA1C0ED54F00BCFEC5 /* EventViewCell.swift */,
				A4110B511C0FA44700F47AB4 /* Location.swift */,
				A45572FA1C4A176F0097DE0F /* EventDetailsViewController.swift */,
			);
			name = Events;
			sourceTree = "<group>";
		};
		A43482D11C0D290E00B62D6C /* Images */ = {
			isa = PBXGroup;
			children = (
				A4A836421C83D0AA003FBD8D /* Delete-50.png */,
				07F802C11C76930B00A7A4BC /* rideShareIcon.png */,
				07DA04251C88CBC7005A0ACB /* ToolsIcon.png */,
				07DA04231C88CA8D005A0ACB /* ArticlesIcon.png */,
				27CA34511C8D3EF400C694A6 /* calendar_icon.png */,
				27CA344D1C8D3AC000C694A6 /* fb_logo.png */,
				07DA041B1C88C8D3005A0ACB /* VideoIcon.png */,
				27CA34431C8D3A8500C694A6 /* calendar_icon.png */,
				27CA34441C8D3A8500C694A6 /* google_icon.png */,
				27CA344F1C8D3C0200C694A6 /* fb_icon.png */,
				07340BB91C5B36B5002C6015 /* info.png */,
				0703C7311C4DFA8500C7D8ED /* blank_calendar.png */,
				A4110B4F1C0F7EB500F47AB4 /* Facebook-25.png */,
				839F645F1C0D70AA00CAEC9E /* Box-25.png */,
				839F64481C0D643A00CAEC9E /* menu.png */,
				839F643B1C0D4E4300CAEC9E /* Cru-Logo.png */,
				A45572F81C49CCE90097DE0F /* Google Plus-25.png */,
				839F643C1C0D4E4300CAEC9E /* Home-25.png */,
				839F643D1C0D4E4300CAEC9E /* Literature-25.png */,
				839F643E1C0D4E4300CAEC9E /* Planner-25.png */,
				839F643F1C0D4E4300CAEC9E /* Summer-25.png */,
				A447DBBB1C5ACBBB000C6DEB /* Car-25.png */,
				A447DBBC1C5ACBBB000C6DEB /* Checked Checkbox 2-48.png */,
				A447DBBD1C5ACBBB000C6DEB /* Filled-Car-100.png */,
				A447DBBE1C5ACBBB000C6DEB /* Passenger-52.png */,
				A4110B471C0F7E3400F47AB4 /* Calendar-25.png */,
				839F64401C0D4E4300CAEC9E /* User Group-25.png */,
			);
			name = Images;
			path = ..;
			sourceTree = "<group>";
		};
		BE8AAF2EA448B5FE9AB9269C /* Pods */ = {
			isa = PBXGroup;
			children = (
				56975AA48A624728978E6E3E /* Pods-CruApp.debug.xcconfig */,
				9CC50D2817D518EDB9BF800C /* Pods-CruApp.release.xcconfig */,
				14A37DE1D2D4A3701357F6E0 /* Pods-CruAppTests.debug.xcconfig */,
				4C75FBE0147F103088890A81 /* Pods-CruAppTests.release.xcconfig */,
			);
			name = Pods;
			sourceTree = "<group>";
		};
		C6533B09B2FB930E446D08DE /* Frameworks */ = {
			isa = PBXGroup;
			children = (
				1EB4053E1C63E87200220D5B /* GTL.framework */,
				1EB405241C63E3F900220D5B /* GTL.framework */,
				DD14769052309A631372632E /* Pods_CruApp.framework */,
				A4F2845EF072292DB7417694 /* Pods_CruAppTests.framework */,
			);
			name = Frameworks;
			sourceTree = "<group>";
		};
/* End PBXGroup section */

/* Begin PBXNativeTarget section */
		072519A31BE9694000F38F81 /* CruApp */ = {
			isa = PBXNativeTarget;
			buildConfigurationList = 072519B61BE9694000F38F81 /* Build configuration list for PBXNativeTarget "CruApp" */;
			buildPhases = (
				C6A82B30E3F50982389CE9C4 /* Check Pods Manifest.lock */,
				072519A01BE9694000F38F81 /* Sources */,
				072519A11BE9694000F38F81 /* Frameworks */,
				072519A21BE9694000F38F81 /* Resources */,
				72AAEF475E0E0794AF9DA655 /* Embed Pods Frameworks */,
				FBA992323B80BFBB2DA35B0D /* Copy Pods Resources */,
				070861B41C0DC67200D6D646 /* Embed Frameworks */,
			);
			buildRules = (
			);
			dependencies = (
				271BDF621C0D53850075A29E /* PBXTargetDependency */,
				070861B31C0DC67200D6D646 /* PBXTargetDependency */,
			);
			name = CruApp;
			productName = CruApp;
			productReference = 072519A41BE9694000F38F81 /* CruApp.app */;
			productType = "com.apple.product-type.application";
		};
		277E67521BEB6362001C29DD /* CruAppTests */ = {
			isa = PBXNativeTarget;
			buildConfigurationList = 277E675C1BEB6362001C29DD /* Build configuration list for PBXNativeTarget "CruAppTests" */;
			buildPhases = (
				8310DD7E35DE3C27C7369908 /* Check Pods Manifest.lock */,
				277E674F1BEB6362001C29DD /* Sources */,
				277E67501BEB6362001C29DD /* Frameworks */,
				277E67511BEB6362001C29DD /* Resources */,
				E8B1C3698E2571CEFBDE9BEB /* Embed Pods Frameworks */,
				23139A03565C7A018CEB2BE8 /* Copy Pods Resources */,
			);
			buildRules = (
			);
			dependencies = (
				277E67591BEB6362001C29DD /* PBXTargetDependency */,
			);
			name = CruAppTests;
			productName = CruAppTests;
			productReference = 277E67531BEB6362001C29DD /* CruAppTests.xctest */;
			productType = "com.apple.product-type.bundle.unit-test";
		};
/* End PBXNativeTarget section */

/* Begin PBXProject section */
		0725199C1BE9694000F38F81 /* Project object */ = {
			isa = PBXProject;
			attributes = {
				LastSwiftUpdateCheck = 0710;
				LastUpgradeCheck = 0720;
				ORGANIZATIONNAME = iCrew;
				TargetAttributes = {
					072519A31BE9694000F38F81 = {
						CreatedOnToolsVersion = 7.1;
						DevelopmentTeam = CWEESB29TK;
						SystemCapabilities = {
							com.apple.BackgroundModes = {
								enabled = 1;
							};
							com.apple.Push = {
								enabled = 1;
							};
						};
					};
					277E67521BEB6362001C29DD = {
						CreatedOnToolsVersion = 7.1;
						TestTargetID = 072519A31BE9694000F38F81;
					};
				};
			};
			buildConfigurationList = 0725199F1BE9694000F38F81 /* Build configuration list for PBXProject "CruApp" */;
			compatibilityVersion = "Xcode 3.2";
			developmentRegion = English;
			hasScannedForEncodings = 0;
			knownRegions = (
				en,
				Base,
			);
			mainGroup = 0725199B1BE9694000F38F81;
			productRefGroup = 072519A51BE9694000F38F81 /* Products */;
			projectDirPath = "";
			projectReferences = (
				{
					ProductGroup = 271BDF4A1C0D53710075A29E /* Products */;
					ProjectRef = 271BDF491C0D53710075A29E /* Alamofire.xcodeproj */;
				},
			);
			projectRoot = "";
			targets = (
				072519A31BE9694000F38F81 /* CruApp */,
				277E67521BEB6362001C29DD /* CruAppTests */,
			);
		};
/* End PBXProject section */

/* Begin PBXReferenceProxy section */
		271BDF541C0D53710075A29E /* Alamofire.framework */ = {
			isa = PBXReferenceProxy;
			fileType = wrapper.framework;
			path = Alamofire.framework;
			remoteRef = 271BDF531C0D53710075A29E /* PBXContainerItemProxy */;
			sourceTree = BUILT_PRODUCTS_DIR;
		};
		271BDF561C0D53710075A29E /* Alamofire iOS Tests.xctest */ = {
			isa = PBXReferenceProxy;
			fileType = wrapper.cfbundle;
			path = "Alamofire iOS Tests.xctest";
			remoteRef = 271BDF551C0D53710075A29E /* PBXContainerItemProxy */;
			sourceTree = BUILT_PRODUCTS_DIR;
		};
		271BDF581C0D53710075A29E /* Alamofire.framework */ = {
			isa = PBXReferenceProxy;
			fileType = wrapper.framework;
			path = Alamofire.framework;
			remoteRef = 271BDF571C0D53710075A29E /* PBXContainerItemProxy */;
			sourceTree = BUILT_PRODUCTS_DIR;
		};
		271BDF5A1C0D53710075A29E /* Alamofire OSX Tests.xctest */ = {
			isa = PBXReferenceProxy;
			fileType = wrapper.cfbundle;
			path = "Alamofire OSX Tests.xctest";
			remoteRef = 271BDF591C0D53710075A29E /* PBXContainerItemProxy */;
			sourceTree = BUILT_PRODUCTS_DIR;
		};
		271BDF5C1C0D53710075A29E /* Alamofire.framework */ = {
			isa = PBXReferenceProxy;
			fileType = wrapper.framework;
			path = Alamofire.framework;
			remoteRef = 271BDF5B1C0D53710075A29E /* PBXContainerItemProxy */;
			sourceTree = BUILT_PRODUCTS_DIR;
		};
		271BDF5E1C0D53710075A29E /* Alamofire tvOS Tests.xctest */ = {
			isa = PBXReferenceProxy;
			fileType = wrapper.cfbundle;
			path = "Alamofire tvOS Tests.xctest";
			remoteRef = 271BDF5D1C0D53710075A29E /* PBXContainerItemProxy */;
			sourceTree = BUILT_PRODUCTS_DIR;
		};
		271BDF601C0D53710075A29E /* Alamofire.framework */ = {
			isa = PBXReferenceProxy;
			fileType = wrapper.framework;
			path = Alamofire.framework;
			remoteRef = 271BDF5F1C0D53710075A29E /* PBXContainerItemProxy */;
			sourceTree = BUILT_PRODUCTS_DIR;
		};
/* End PBXReferenceProxy section */

/* Begin PBXResourcesBuildPhase section */
		072519A21BE9694000F38F81 /* Resources */ = {
			isa = PBXResourcesBuildPhase;
			buildActionMask = 2147483647;
			files = (
				A447DBC11C5ACBBB000C6DEB /* Filled-Car-100.png in Resources */,
				A447DBC01C5ACBBB000C6DEB /* Checked Checkbox 2-48.png in Resources */,
				278C4C371C86640100EB0AC1 /* FreigSanProBlk.otf in Resources */,
				839F64461C0D4E4300CAEC9E /* User Group-25.png in Resources */,
				839F64451C0D4E4300CAEC9E /* Summer-25.png in Resources */,
				07DA04241C88CA8D005A0ACB /* ArticlesIcon.png in Resources */,
				278C4C3F1C86640100EB0AC1 /* FreigSanProMed.otf in Resources */,
				839F64551C0D6BD100CAEC9E /* GetInvolved.storyboard in Resources */,
				271C78161C5040EA00F42EA0 /* Initial.storyboard in Resources */,
				07DA041C1C88C8D3005A0ACB /* VideoIcon.png in Resources */,
				07340BBA1C5B36B5002C6015 /* info.png in Resources */,
				278C4C431C86640100EB0AC1 /* GF End User License.rtf in Resources */,
				072519B21BE9694000F38F81 /* LaunchScreen.storyboard in Resources */,
				27A8DFB71C87F0C100A8F080 /* PopUpViewController_iPhone6.xib in Resources */,
				839F645B1C0D6C4C00CAEC9E /* Resources.storyboard in Resources */,
				A447DBC21C5ACBBB000C6DEB /* Passenger-52.png in Resources */,
				839F64411C0D4E4300CAEC9E /* Cru-Logo.png in Resources */,
				A447DBB31C5AC8D3000C6DEB /* Events.storyboard in Resources */,
				278C4C3A1C86640100EB0AC1 /* FreigSanProBoldIt.otf in Resources */,
				839F64441C0D4E4300CAEC9E /* Planner-25.png in Resources */,
				278C4C411C86640100EB0AC1 /* FreigSanProSem.otf in Resources */,
				278C4C3E1C86640100EB0AC1 /* FreigSanProLigIt.otf in Resources */,
				07F802C51C76930B00A7A4BC /* rideShareIcon.png in Resources */,
				07DA04261C88CBC7005A0ACB /* ToolsIcon.png in Resources */,
				A4110B501C0F7EB500F47AB4 /* Facebook-25.png in Resources */,
				278C4C3D1C86640100EB0AC1 /* FreigSanProLig.otf in Resources */,
				A4110B481C0F7E3400F47AB4 /* Calendar-25.png in Resources */,
				839F64431C0D4E4300CAEC9E /* Literature-25.png in Resources */,
				27CA344E1C8D3AC000C694A6 /* fb_logo.png in Resources */,
				278C4C3C1C86640100EB0AC1 /* FreigSanProBookIt.otf in Resources */,
				279326FD1C509C2100BAC73D /* PopUpViewController_iPad.xib in Resources */,
				A4A836431C83D0AA003FBD8D /* Delete-50.png in Resources */,
				839F64421C0D4E4300CAEC9E /* Home-25.png in Resources */,
				839F64601C0D70AA00CAEC9E /* Box-25.png in Resources */,
				A441CE6C1C75B0FD00663057 /* RideShare.storyboard in Resources */,
				278C4C3B1C86640100EB0AC1 /* FreigSanProBook.otf in Resources */,
				0703C7321C4DFA8500C7D8ED /* blank_calendar.png in Resources */,
				278C4C381C86640100EB0AC1 /* FreigSanProBlkIt.otf in Resources */,
				27CA34501C8D3C0200C694A6 /* fb_icon.png in Resources */,
				A447DBBF1C5ACBBB000C6DEB /* Car-25.png in Resources */,
				072519AF1BE9694000F38F81 /* Assets.xcassets in Resources */,
				279326FF1C509C2100BAC73D /* PopUpViewController_iPhone6Plus.xib in Resources */,
				278C4C421C86640100EB0AC1 /* FreigSanProSemIt.otf in Resources */,
				83A98E821C63129300338D0A /* GoogleService-Info.plist in Resources */,
				279327011C509C2100BAC73D /* Info.plist in Resources */,
				A45572F91C49CCE90097DE0F /* Google Plus-25.png in Resources */,
				27CA34521C8D3EF400C694A6 /* calendar_icon.png in Resources */,
				279326FC1C509C2100BAC73D /* PopUpViewController.xib in Resources */,
				839F64491C0D643A00CAEC9E /* menu.png in Resources */,
				1EB405441C63E89900220D5B /* GTMOAuth2ViewTouch.xib in Resources */,
				278C4C391C86640100EB0AC1 /* FreigSanProBold.otf in Resources */,
				27CA34461C8D3A8500C694A6 /* google_icon.png in Resources */,
				072519AD1BE9694000F38F81 /* Main.storyboard in Resources */,
				278C4C401C86640100EB0AC1 /* FreigSanProMedIt.otf in Resources */,
				27CA34451C8D3A8500C694A6 /* calendar_icon.png in Resources */,
				839F64581C0D6C1E00CAEC9E /* SummerMissions.storyboard in Resources */,
			);
			runOnlyForDeploymentPostprocessing = 0;
		};
		277E67511BEB6362001C29DD /* Resources */ = {
			isa = PBXResourcesBuildPhase;
			buildActionMask = 2147483647;
			files = (
				278C4C4A1C86646C00EB0AC1 /* FreigSanProBlk.otf in Resources */,
				278C4C4B1C86646C00EB0AC1 /* FreigSanProBlkIt.otf in Resources */,
				278C4C4C1C86646C00EB0AC1 /* FreigSanProBold.otf in Resources */,
				278C4C4D1C86646C00EB0AC1 /* FreigSanProBoldIt.otf in Resources */,
				278C4C4E1C86646C00EB0AC1 /* FreigSanProBook.otf in Resources */,
				278C4C4F1C86646C00EB0AC1 /* FreigSanProBookIt.otf in Resources */,
				278C4C501C86646C00EB0AC1 /* FreigSanProLig.otf in Resources */,
				278C4C511C86646C00EB0AC1 /* FreigSanProLigIt.otf in Resources */,
				278C4C521C86646C00EB0AC1 /* FreigSanProMed.otf in Resources */,
				278C4C531C86646C00EB0AC1 /* FreigSanProMedIt.otf in Resources */,
				278C4C541C86646C00EB0AC1 /* FreigSanProSem.otf in Resources */,
				278C4C551C86646C00EB0AC1 /* FreigSanProSemIt.otf in Resources */,
			);
			runOnlyForDeploymentPostprocessing = 0;
		};
/* End PBXResourcesBuildPhase section */

/* Begin PBXShellScriptBuildPhase section */
		23139A03565C7A018CEB2BE8 /* Copy Pods Resources */ = {
			isa = PBXShellScriptBuildPhase;
			buildActionMask = 2147483647;
			files = (
			);
			inputPaths = (
			);
			name = "Copy Pods Resources";
			outputPaths = (
			);
			runOnlyForDeploymentPostprocessing = 0;
			shellPath = /bin/sh;
			shellScript = "\"${SRCROOT}/Pods/Target Support Files/Pods-CruAppTests/Pods-CruAppTests-resources.sh\"\n";
			showEnvVarsInLog = 0;
		};
		72AAEF475E0E0794AF9DA655 /* Embed Pods Frameworks */ = {
			isa = PBXShellScriptBuildPhase;
			buildActionMask = 2147483647;
			files = (
			);
			inputPaths = (
			);
			name = "Embed Pods Frameworks";
			outputPaths = (
			);
			runOnlyForDeploymentPostprocessing = 0;
			shellPath = /bin/sh;
			shellScript = "\"${SRCROOT}/Pods/Target Support Files/Pods-CruApp/Pods-CruApp-frameworks.sh\"\n";
			showEnvVarsInLog = 0;
		};
		8310DD7E35DE3C27C7369908 /* Check Pods Manifest.lock */ = {
			isa = PBXShellScriptBuildPhase;
			buildActionMask = 2147483647;
			files = (
			);
			inputPaths = (
			);
			name = "Check Pods Manifest.lock";
			outputPaths = (
			);
			runOnlyForDeploymentPostprocessing = 0;
			shellPath = /bin/sh;
			shellScript = "diff \"${PODS_ROOT}/../Podfile.lock\" \"${PODS_ROOT}/Manifest.lock\" > /dev/null\nif [[ $? != 0 ]] ; then\n    cat << EOM\nerror: The sandbox is not in sync with the Podfile.lock. Run 'pod install' or update your CocoaPods installation.\nEOM\n    exit 1\nfi\n";
			showEnvVarsInLog = 0;
		};
		C6A82B30E3F50982389CE9C4 /* Check Pods Manifest.lock */ = {
			isa = PBXShellScriptBuildPhase;
			buildActionMask = 2147483647;
			files = (
			);
			inputPaths = (
			);
			name = "Check Pods Manifest.lock";
			outputPaths = (
			);
			runOnlyForDeploymentPostprocessing = 0;
			shellPath = /bin/sh;
			shellScript = "diff \"${PODS_ROOT}/../Podfile.lock\" \"${PODS_ROOT}/Manifest.lock\" > /dev/null\nif [[ $? != 0 ]] ; then\n    cat << EOM\nerror: The sandbox is not in sync with the Podfile.lock. Run 'pod install' or update your CocoaPods installation.\nEOM\n    exit 1\nfi\n";
			showEnvVarsInLog = 0;
		};
		E8B1C3698E2571CEFBDE9BEB /* Embed Pods Frameworks */ = {
			isa = PBXShellScriptBuildPhase;
			buildActionMask = 2147483647;
			files = (
			);
			inputPaths = (
			);
			name = "Embed Pods Frameworks";
			outputPaths = (
			);
			runOnlyForDeploymentPostprocessing = 0;
			shellPath = /bin/sh;
			shellScript = "\"${SRCROOT}/Pods/Target Support Files/Pods-CruAppTests/Pods-CruAppTests-frameworks.sh\"\n";
			showEnvVarsInLog = 0;
		};
		FBA992323B80BFBB2DA35B0D /* Copy Pods Resources */ = {
			isa = PBXShellScriptBuildPhase;
			buildActionMask = 2147483647;
			files = (
			);
			inputPaths = (
			);
			name = "Copy Pods Resources";
			outputPaths = (
			);
			runOnlyForDeploymentPostprocessing = 0;
			shellPath = /bin/sh;
			shellScript = "\"${SRCROOT}/Pods/Target Support Files/Pods-CruApp/Pods-CruApp-resources.sh\"\n";
			showEnvVarsInLog = 0;
		};
/* End PBXShellScriptBuildPhase section */

/* Begin PBXSourcesBuildPhase section */
		072519A01BE9694000F38F81 /* Sources */ = {
			isa = PBXSourcesBuildPhase;
			buildActionMask = 2147483647;
			files = (
				A4A8364B1C83D396003FBD8D /* PassengerStatusTableViewCell.swift in Sources */,
				0725A04E1C865269006E8E0C /* AvailNumSeatCell.swift in Sources */,
				A40DD9941C0EC0FB00BCFEC5 /* DBClient.swift in Sources */,
				278C4C621C87A2B100EB0AC1 /* JoinMinistryTeamTVC.swift in Sources */,
				279327071C50A10500BAC73D /* InitialMinistryTableViewCell.swift in Sources */,
				83244B761C7579F000D913A6 /* MinistryData.swift in Sources */,
				A40DD9A21C0EC61600BCFEC5 /* SummerMissionsViewController.swift in Sources */,
				078739881C86178E00D09C14 /* NameFieldCell.swift in Sources */,
				0727F9A51C5AD13000066948 /* DriverQuestionnaireVC.swift in Sources */,
				07ED81711C0D7ECC007FFB53 /* ResourcesViewController.swift in Sources */,
				832FDD051C88D09200836B7C /* CommunityGroupCell.swift in Sources */,
				83B1CB251C4886F700145B6D /* MinistryCoreData.swift in Sources */,
				279327001C509C2100BAC73D /* PopUpViewControllerSwift.swift in Sources */,
				A40DD9AB1C0ED54F00BCFEC5 /* EventViewCell.swift in Sources */,
				072519A81BE9694000F38F81 /* AppDelegate.swift in Sources */,
				A487BBFB1C635E78006F9B3C /* Driver.swift in Sources */,
				838564F51C0D9EDF00EB1728 /* SWRevealViewController.m in Sources */,
				078739921C8617D000D09C14 /* ScrollPickerCell.swift in Sources */,
				279327051C50A0EC00BAC73D /* InitialMinistryTableViewController.swift in Sources */,
				271C78211C50434000F42EA0 /* InitialCampusTableViewController.swift in Sources */,
				A487BBEF1C6353A5006F9B3C /* DriverStatusTableViewCell.swift in Sources */,
				0725A05F1C867529006E8E0C /* DriveTypeCell.swift in Sources */,
				A441CE801C7A957500663057 /* Resource.swift in Sources */,
				832FDCD01C854C0900836B7C /* MinistryTeamDetailVC.swift in Sources */,
				832FDCFC1C8832BF00836B7C /* JoinCommunityGroupTVC.swift in Sources */,
				832FDCCC1C854B1600836B7C /* InvolvedGroupsTVC.swift in Sources */,
				83B1CB101C4856BC00145B6D /* CoreDataModel.xcdatamodeld in Sources */,
				832FDCF61C881F4600836B7C /* CommunityGroupCoreData.swift in Sources */,
				83688B771C7F71E300470442 /* InitalScreenVC.swift in Sources */,
				1E37E7261C0E362D0054607A /* Event.swift in Sources */,
				1E37E72A1C0E362D0054607A /* VideosTableViewController.swift in Sources */,
				832FDCD41C854CE600836B7C /* MinistryTeamSuccessVC.swift in Sources */,
				832FDCD61C854D2E00836B7C /* CGQuestionnaireVC.swift in Sources */,
				832FDCF91C88224500836B7C /* CommunityGroupData.swift in Sources */,
				832FDCCA1C8549FB00836B7C /* MainInvolvedTVC.swift in Sources */,
				83B1CB291C48880A00145B6D /* UserProfile.swift in Sources */,
				0725A0611C8679C7006E8E0C /* EnterLocationPlaceCell.swift in Sources */,
				832FDCEB1C881EC100836B7C /* MinistryTeamCoreData.swift in Sources */,
				278C4C641C87A40A00EB0AC1 /* MinistryTeamData.swift in Sources */,
				078739901C86179D00D09C14 /* PhoneNumCell.swift in Sources */,
				83244B6E1C7579BA00D913A6 /* CampusData.swift in Sources */,
				07AF13D31C749288004C28FA /* ToolTableViewCell.swift in Sources */,
				07C196331C0E6AD400375B8D /* ArticlesTableViewController.swift in Sources */,
				1EB405421C63E88A00220D5B /* GTLCalendar_Sources.m in Sources */,
				271C78231C5044B100F42EA0 /* InitialCampusTableViewCell.swift in Sources */,
				832FDCD21C854CBA00836B7C /* MinistryTeamSignUpVC.swift in Sources */,
				A441CE771C763AC400663057 /* SelectDriverTableViewCell.swift in Sources */,
				07AF13CB1C748ACA004C28FA /* ToolsTableViewController.swift in Sources */,
				A4110B521C0FA44700F47AB4 /* Location.swift in Sources */,
				A40DD9A41C0EC62F00BCFEC5 /* Mission.swift in Sources */,
				83B1CB271C4886F700145B6D /* CampusCoreData.swift in Sources */,
				83244B801C75AD9400D913A6 /* SidebarTableViewController.swift in Sources */,
				A441CE901C7F935600663057 /* RideShareStatusTableViewController.swift in Sources */,
				A45573001C4CDAF60097DE0F /* MissionViewCell.swift in Sources */,
				278C4C731C87E6FF00EB0AC1 /* MyButton.swift in Sources */,
				07C196351C0E6D9F00375B8D /* ArticleTableViewCell.swift in Sources */,
				832FDCD81C854D8100836B7C /* CGSuccessVC.swift in Sources */,
				A441CE791C764BA600663057 /* SelectDriverTableViewController.swift in Sources */,
				278C4C661C87AB9A00EB0AC1 /* MinistryTeamTableViewCell.swift in Sources */,
				1E37E7291C0E362D0054607A /* EventsViewController.swift in Sources */,
				07C196371C0E863000375B8D /* VideoTableViewCell.swift in Sources */,
				A441CE7B1C765D4800663057 /* DriverSelectedViewController.swift in Sources */,
				078739941C8628CA00D09C14 /* StartTimePickerCell.swift in Sources */,
				07340BB21C5B3606002C6015 /* PassengerQuestionnaireVC.swift in Sources */,
				A45573021C4E219A0097DE0F /* MissionDetailsViewController.swift in Sources */,
				A45572FB1C4A176F0097DE0F /* EventDetailsViewController.swift in Sources */,
				A441CE6F1C7634CB00663057 /* Passenger.swift in Sources */,
			);
			runOnlyForDeploymentPostprocessing = 0;
		};
		277E674F1BEB6362001C29DD /* Sources */ = {
			isa = PBXSourcesBuildPhase;
			buildActionMask = 2147483647;
			files = (
				277E67561BEB6362001C29DD /* CruAppTests.swift in Sources */,
			);
			runOnlyForDeploymentPostprocessing = 0;
		};
/* End PBXSourcesBuildPhase section */

/* Begin PBXTargetDependency section */
		070861B31C0DC67200D6D646 /* PBXTargetDependency */ = {
			isa = PBXTargetDependency;
			name = "Alamofire iOS";
			targetProxy = 070861B21C0DC67200D6D646 /* PBXContainerItemProxy */;
		};
		271BDF621C0D53850075A29E /* PBXTargetDependency */ = {
			isa = PBXTargetDependency;
			name = "Alamofire iOS";
			targetProxy = 271BDF611C0D53850075A29E /* PBXContainerItemProxy */;
		};
		277E67591BEB6362001C29DD /* PBXTargetDependency */ = {
			isa = PBXTargetDependency;
			target = 072519A31BE9694000F38F81 /* CruApp */;
			targetProxy = 277E67581BEB6362001C29DD /* PBXContainerItemProxy */;
		};
/* End PBXTargetDependency section */

/* Begin PBXVariantGroup section */
		072519AB1BE9694000F38F81 /* Main.storyboard */ = {
			isa = PBXVariantGroup;
			children = (
				072519AC1BE9694000F38F81 /* Base */,
			);
			name = Main.storyboard;
			sourceTree = "<group>";
		};
		072519B01BE9694000F38F81 /* LaunchScreen.storyboard */ = {
			isa = PBXVariantGroup;
			children = (
				072519B11BE9694000F38F81 /* Base */,
			);
			name = LaunchScreen.storyboard;
			sourceTree = "<group>";
		};
		839F64531C0D6BD100CAEC9E /* GetInvolved.storyboard */ = {
			isa = PBXVariantGroup;
			children = (
				839F64541C0D6BD100CAEC9E /* Base */,
			);
			name = GetInvolved.storyboard;
			sourceTree = "<group>";
		};
		839F64561C0D6C1E00CAEC9E /* SummerMissions.storyboard */ = {
			isa = PBXVariantGroup;
			children = (
				839F64571C0D6C1E00CAEC9E /* Base */,
			);
			name = SummerMissions.storyboard;
			sourceTree = "<group>";
		};
		839F64591C0D6C4C00CAEC9E /* Resources.storyboard */ = {
			isa = PBXVariantGroup;
			children = (
				839F645A1C0D6C4C00CAEC9E /* Base */,
			);
			name = Resources.storyboard;
			sourceTree = "<group>";
		};
		A447DBAF1C5AC8D3000C6DEB /* Events.storyboard */ = {
			isa = PBXVariantGroup;
			children = (
				A447DBB01C5AC8D3000C6DEB /* Base */,
			);
			name = Events.storyboard;
			sourceTree = "<group>";
		};
/* End PBXVariantGroup section */

/* Begin XCBuildConfiguration section */
		072519B41BE9694000F38F81 /* Debug */ = {
			isa = XCBuildConfiguration;
			buildSettings = {
				ALWAYS_SEARCH_USER_PATHS = NO;
				CLANG_CXX_LANGUAGE_STANDARD = "gnu++0x";
				CLANG_CXX_LIBRARY = "libc++";
				CLANG_ENABLE_MODULES = YES;
				CLANG_ENABLE_OBJC_ARC = YES;
				CLANG_WARN_BOOL_CONVERSION = YES;
				CLANG_WARN_CONSTANT_CONVERSION = YES;
				CLANG_WARN_DIRECT_OBJC_ISA_USAGE = YES_ERROR;
				CLANG_WARN_EMPTY_BODY = YES;
				CLANG_WARN_ENUM_CONVERSION = YES;
				CLANG_WARN_INT_CONVERSION = YES;
				CLANG_WARN_OBJC_ROOT_CLASS = YES_ERROR;
				CLANG_WARN_UNREACHABLE_CODE = YES;
				CLANG_WARN__DUPLICATE_METHOD_MATCH = YES;
				CODE_SIGN_IDENTITY = "iPhone Developer: its.me.mariel@gmail.com (THSRH4Y39A)";
				"CODE_SIGN_IDENTITY[sdk=iphoneos*]" = "iPhone Developer: its.me.mariel@gmail.com (THSRH4Y39A)";
				COPY_PHASE_STRIP = NO;
				DEBUG_INFORMATION_FORMAT = dwarf;
				ENABLE_STRICT_OBJC_MSGSEND = YES;
				ENABLE_TESTABILITY = YES;
				GCC_C_LANGUAGE_STANDARD = gnu99;
				GCC_DYNAMIC_NO_PIC = NO;
				GCC_NO_COMMON_BLOCKS = YES;
				GCC_OPTIMIZATION_LEVEL = 0;
				GCC_PREPROCESSOR_DEFINITIONS = "GTL_BUILT_AS_FRAMEWORK=1";
				GCC_WARN_64_TO_32_BIT_CONVERSION = YES;
				GCC_WARN_ABOUT_RETURN_TYPE = YES_ERROR;
				GCC_WARN_UNDECLARED_SELECTOR = YES;
				GCC_WARN_UNINITIALIZED_AUTOS = YES_AGGRESSIVE;
				GCC_WARN_UNUSED_FUNCTION = YES;
				GCC_WARN_UNUSED_VARIABLE = YES;
				IPHONEOS_DEPLOYMENT_TARGET = 9.1;
				MTL_ENABLE_DEBUG_INFO = YES;
				ONLY_ACTIVE_ARCH = YES;
				SDKROOT = iphoneos;
				SWIFT_OBJC_BRIDGING_HEADER = "CruApp/CruApp-Bridging-Header.h";
				SWIFT_OPTIMIZATION_LEVEL = "-Onone";
			};
			name = Debug;
		};
		072519B51BE9694000F38F81 /* Release */ = {
			isa = XCBuildConfiguration;
			buildSettings = {
				ALWAYS_SEARCH_USER_PATHS = NO;
				CLANG_CXX_LANGUAGE_STANDARD = "gnu++0x";
				CLANG_CXX_LIBRARY = "libc++";
				CLANG_ENABLE_MODULES = YES;
				CLANG_ENABLE_OBJC_ARC = YES;
				CLANG_WARN_BOOL_CONVERSION = YES;
				CLANG_WARN_CONSTANT_CONVERSION = YES;
				CLANG_WARN_DIRECT_OBJC_ISA_USAGE = YES_ERROR;
				CLANG_WARN_EMPTY_BODY = YES;
				CLANG_WARN_ENUM_CONVERSION = YES;
				CLANG_WARN_INT_CONVERSION = YES;
				CLANG_WARN_OBJC_ROOT_CLASS = YES_ERROR;
				CLANG_WARN_UNREACHABLE_CODE = YES;
				CLANG_WARN__DUPLICATE_METHOD_MATCH = YES;
				CODE_SIGN_IDENTITY = "iPhone Developer: its.me.mariel@gmail.com (THSRH4Y39A)";
				"CODE_SIGN_IDENTITY[sdk=iphoneos*]" = "iPhone Developer: its.me.mariel@gmail.com (THSRH4Y39A)";
				COPY_PHASE_STRIP = NO;
				DEBUG_INFORMATION_FORMAT = "dwarf-with-dsym";
				ENABLE_NS_ASSERTIONS = NO;
				ENABLE_STRICT_OBJC_MSGSEND = YES;
				GCC_C_LANGUAGE_STANDARD = gnu99;
				GCC_NO_COMMON_BLOCKS = YES;
				GCC_PREPROCESSOR_DEFINITIONS = "GTL_BUILT_AS_FRAMEWORK=1";
				GCC_WARN_64_TO_32_BIT_CONVERSION = YES;
				GCC_WARN_ABOUT_RETURN_TYPE = YES_ERROR;
				GCC_WARN_UNDECLARED_SELECTOR = YES;
				GCC_WARN_UNINITIALIZED_AUTOS = YES_AGGRESSIVE;
				GCC_WARN_UNUSED_FUNCTION = YES;
				GCC_WARN_UNUSED_VARIABLE = YES;
				IPHONEOS_DEPLOYMENT_TARGET = 9.1;
				MTL_ENABLE_DEBUG_INFO = NO;
				SDKROOT = iphoneos;
				SWIFT_OBJC_BRIDGING_HEADER = "CruApp/CruApp-Bridging-Header.h";
				VALIDATE_PRODUCT = YES;
			};
			name = Release;
		};
		072519B71BE9694000F38F81 /* Debug */ = {
			isa = XCBuildConfiguration;
			baseConfigurationReference = 56975AA48A624728978E6E3E /* Pods-CruApp.debug.xcconfig */;
			buildSettings = {
				ASSETCATALOG_COMPILER_APPICON_NAME = AppIcon;
				CLANG_ENABLE_MODULES = YES;
				CODE_SIGN_IDENTITY = "iPhone Developer";
				"CODE_SIGN_IDENTITY[sdk=iphoneos*]" = "iPhone Developer";
				DEFINES_MODULE = YES;
				EMBEDDED_CONTENT_CONTAINS_SWIFT = YES;
				ENABLE_BITCODE = NO;
				ENABLE_TESTABILITY = YES;
				FRAMEWORK_SEARCH_PATHS = (
					"$(inherited)",
					"$(PROJECT_DIR)/google-api-objectivec-client/Source/build/Debug-iphoneos",
				);
				GCC_PREPROCESSOR_DEFINITIONS = (
					"$(inherited)",
					"COCOAPODS=1",
				);
				INFOPLIST_FILE = CruApp/Info.plist;
				IPHONEOS_DEPLOYMENT_TARGET = 9.0;
				LD_RUNPATH_SEARCH_PATHS = "$(inherited) @executable_path/Frameworks";
				PRODUCT_BUNDLE_IDENTIFIER = com.iCrew.CruApp1;
				PRODUCT_NAME = "$(TARGET_NAME)";
				PROVISIONING_PROFILE = "";
				SWIFT_OBJC_BRIDGING_HEADER = "CruApp/CruApp-Bridging-Header.h";
				SWIFT_OPTIMIZATION_LEVEL = "-Onone";
			};
			name = Debug;
		};
		072519B81BE9694000F38F81 /* Release */ = {
			isa = XCBuildConfiguration;
			baseConfigurationReference = 9CC50D2817D518EDB9BF800C /* Pods-CruApp.release.xcconfig */;
			buildSettings = {
				ASSETCATALOG_COMPILER_APPICON_NAME = AppIcon;
				CLANG_ENABLE_MODULES = YES;
				CODE_SIGN_IDENTITY = "iPhone Developer";
				"CODE_SIGN_IDENTITY[sdk=iphoneos*]" = "iPhone Developer";
				DEFINES_MODULE = YES;
				EMBEDDED_CONTENT_CONTAINS_SWIFT = YES;
				ENABLE_BITCODE = NO;
				ENABLE_TESTABILITY = YES;
				FRAMEWORK_SEARCH_PATHS = (
					"$(inherited)",
					"$(PROJECT_DIR)/google-api-objectivec-client/Source/build/Debug-iphoneos",
				);
				GCC_PREPROCESSOR_DEFINITIONS = (
					"$(inherited)",
					"COCOAPODS=1",
					"GLT_BUILT_AS_FRAMEWORK=1",
				);
				INFOPLIST_FILE = CruApp/Info.plist;
				IPHONEOS_DEPLOYMENT_TARGET = 9.0;
				LD_RUNPATH_SEARCH_PATHS = "$(inherited) @executable_path/Frameworks";
				PRODUCT_BUNDLE_IDENTIFIER = com.iCrew.CruApp1;
				PRODUCT_NAME = "$(TARGET_NAME)";
				PROVISIONING_PROFILE = "";
				SWIFT_OBJC_BRIDGING_HEADER = "CruApp/CruApp-Bridging-Header.h";
			};
			name = Release;
		};
		277E675A1BEB6362001C29DD /* Debug */ = {
			isa = XCBuildConfiguration;
			baseConfigurationReference = 14A37DE1D2D4A3701357F6E0 /* Pods-CruAppTests.debug.xcconfig */;
			buildSettings = {
				BUNDLE_LOADER = "$(TEST_HOST)";
				CODE_SIGN_IDENTITY = "";
				INFOPLIST_FILE = CruAppTests/Info.plist;
				LD_RUNPATH_SEARCH_PATHS = "$(inherited) @executable_path/Frameworks @loader_path/Frameworks";
				PRODUCT_BUNDLE_IDENTIFIER = com.MarielSanchez.CruAppTests;
				PRODUCT_NAME = "$(TARGET_NAME)";
				PROVISIONING_PROFILE = "d9f35f7c-d3e0-4305-a3b9-56862d5851e6";
				TEST_HOST = "$(BUILT_PRODUCTS_DIR)/CruApp.app/CruApp";
			};
			name = Debug;
		};
		277E675B1BEB6362001C29DD /* Release */ = {
			isa = XCBuildConfiguration;
			baseConfigurationReference = 4C75FBE0147F103088890A81 /* Pods-CruAppTests.release.xcconfig */;
			buildSettings = {
				BUNDLE_LOADER = "$(TEST_HOST)";
				CODE_SIGN_IDENTITY = "";
				INFOPLIST_FILE = CruAppTests/Info.plist;
				LD_RUNPATH_SEARCH_PATHS = "$(inherited) @executable_path/Frameworks @loader_path/Frameworks";
				PRODUCT_BUNDLE_IDENTIFIER = com.MarielSanchez.CruAppTests;
				PRODUCT_NAME = "$(TARGET_NAME)";
				PROVISIONING_PROFILE = "d9f35f7c-d3e0-4305-a3b9-56862d5851e6";
				TEST_HOST = "$(BUILT_PRODUCTS_DIR)/CruApp.app/CruApp";
			};
			name = Release;
		};
/* End XCBuildConfiguration section */

/* Begin XCConfigurationList section */
		0725199F1BE9694000F38F81 /* Build configuration list for PBXProject "CruApp" */ = {
			isa = XCConfigurationList;
			buildConfigurations = (
				072519B41BE9694000F38F81 /* Debug */,
				072519B51BE9694000F38F81 /* Release */,
			);
			defaultConfigurationIsVisible = 0;
			defaultConfigurationName = Release;
		};
		072519B61BE9694000F38F81 /* Build configuration list for PBXNativeTarget "CruApp" */ = {
			isa = XCConfigurationList;
			buildConfigurations = (
				072519B71BE9694000F38F81 /* Debug */,
				072519B81BE9694000F38F81 /* Release */,
			);
			defaultConfigurationIsVisible = 0;
			defaultConfigurationName = Release;
		};
		277E675C1BEB6362001C29DD /* Build configuration list for PBXNativeTarget "CruAppTests" */ = {
			isa = XCConfigurationList;
			buildConfigurations = (
				277E675A1BEB6362001C29DD /* Debug */,
				277E675B1BEB6362001C29DD /* Release */,
			);
			defaultConfigurationIsVisible = 0;
			defaultConfigurationName = Release;
		};
/* End XCConfigurationList section */

/* Begin XCVersionGroup section */
		83B1CB0E1C4856BC00145B6D /* CoreDataModel.xcdatamodeld */ = {
			isa = XCVersionGroup;
			children = (
				83B1CB0F1C4856BC00145B6D /* CoreDataModel.xcdatamodel */,
			);
			currentVersion = 83B1CB0F1C4856BC00145B6D /* CoreDataModel.xcdatamodel */;
			path = CoreDataModel.xcdatamodeld;
			sourceTree = "<group>";
			versionGroupType = wrapper.xcdatamodel;
		};
/* End XCVersionGroup section */
	};
	rootObject = 0725199C1BE9694000F38F81 /* Project object */;
}
